// !$*UTF8*$!
{
	archiveVersion = 1;
	classes = {
	};
	objectVersion = 53;
	objects = {

/* Begin PBXBuildFile section */
		553C92A129EC39A7003072FD /* Intents.framework in Frameworks */ = {isa = PBXBuildFile; fileRef = 553C92A029EC39A7003072FD /* Intents.framework */; };
		553C92A429EC39A7003072FD /* IntentHandler.swift in Sources */ = {isa = PBXBuildFile; fileRef = 553C92A329EC39A7003072FD /* IntentHandler.swift */; };
		553C92A829EC39A7003072FD /* DSNYPickupIntents.appex in Embed Foundation Extensions */ = {isa = PBXBuildFile; fileRef = 553C929F29EC39A7003072FD /* DSNYPickupIntents.appex */; settings = {ATTRIBUTES = (RemoveHeadersOnCopy, ); }; };
		553C92AE29EC39EE003072FD /* DSNYPickupWidgetIntents.intentdefinition in Sources */ = {isa = PBXBuildFile; fileRef = 555AE9D029D3B41700A66411 /* DSNYPickupWidgetIntents.intentdefinition */; };
		553C92B029EC3B64003072FD /* GarbageCollection.xcdatamodeld in Sources */ = {isa = PBXBuildFile; fileRef = 55576EB0298605E20089861A /* GarbageCollection.xcdatamodeld */; };
		553C92B129EC3B71003072FD /* DataManager.swift in Sources */ = {isa = PBXBuildFile; fileRef = 55576EB32986EBF10089861A /* DataManager.swift */; };
		553C92B229EE0237003072FD /* Array+Ext.swift in Sources */ = {isa = PBXBuildFile; fileRef = 555AE9BE29D2796200A66411 /* Array+Ext.swift */; };
		553C92B429EE06D1003072FD /* EnumDays.swift in Sources */ = {isa = PBXBuildFile; fileRef = 553C92B329EE0692003072FD /* EnumDays.swift */; };
		553C92B529EE06F2003072FD /* EnumDays.swift in Sources */ = {isa = PBXBuildFile; fileRef = 553C92B329EE0692003072FD /* EnumDays.swift */; };
		553C92B629F218F2003072FD /* GarbageCollectionGridView.swift in Sources */ = {isa = PBXBuildFile; fileRef = 55F6792629738A68003331C5 /* GarbageCollectionGridView.swift */; };
		553C92B729F2194E003072FD /* CalendarHeaderView.swift in Sources */ = {isa = PBXBuildFile; fileRef = 55F67917297327CB003331C5 /* CalendarHeaderView.swift */; };
		553C92B929F74805003072FD /* Date+Ext.swift in Sources */ = {isa = PBXBuildFile; fileRef = 553C92B829F74805003072FD /* Date+Ext.swift */; };
		553C92BA29F74805003072FD /* Date+Ext.swift in Sources */ = {isa = PBXBuildFile; fileRef = 553C92B829F74805003072FD /* Date+Ext.swift */; };
		5545A31529A04CF400352A57 /* FavoritesNotificationSheetView.swift in Sources */ = {isa = PBXBuildFile; fileRef = 5545A31429A04CF400352A57 /* FavoritesNotificationSheetView.swift */; };
		55576E9C29821F8F0089861A /* ItemToDispose.swift in Sources */ = {isa = PBXBuildFile; fileRef = 55576E9B29821F8F0089861A /* ItemToDispose.swift */; };
		55576E9E298221940089861A /* DisposeOfItemView.swift in Sources */ = {isa = PBXBuildFile; fileRef = 55576E9D298221940089861A /* DisposeOfItemView.swift */; };
		55576EA72982C97B0089861A /* SwiftSoup in Frameworks */ = {isa = PBXBuildFile; productRef = 55576EA62982C97B0089861A /* SwiftSoup */; };
		55576EA929848E230089861A /* DisposeItemDetailView.swift in Sources */ = {isa = PBXBuildFile; fileRef = 55576EA829848E230089861A /* DisposeItemDetailView.swift */; };
		55576EAB29848FF40089861A /* MockData.swift in Sources */ = {isa = PBXBuildFile; fileRef = 55576EAA29848FF40089861A /* MockData.swift */; };
		55576EAF298595B00089861A /* DetailItemButton.swift in Sources */ = {isa = PBXBuildFile; fileRef = 55576EAE298595B00089861A /* DetailItemButton.swift */; };
		55576EB2298605E20089861A /* GarbageCollection.xcdatamodeld in Sources */ = {isa = PBXBuildFile; fileRef = 55576EB0298605E20089861A /* GarbageCollection.xcdatamodeld */; };
		55576EB42986EBF10089861A /* DataManager.swift in Sources */ = {isa = PBXBuildFile; fileRef = 55576EB32986EBF10089861A /* DataManager.swift */; };
		55576EB62986ECA70089861A /* FavoritesView.swift in Sources */ = {isa = PBXBuildFile; fileRef = 55576EB52986ECA70089861A /* FavoritesView.swift */; };
		55576EBB2988C41D0089861A /* MoreView.swift in Sources */ = {isa = PBXBuildFile; fileRef = 55576EBA2988C41D0089861A /* MoreView.swift */; };
		55576EF3298B5D6A0089861A /* Navigation+Ext.swift in Sources */ = {isa = PBXBuildFile; fileRef = 55576EF2298B5D6A0089861A /* Navigation+Ext.swift */; };
		55576EF5298B5DAD0089861A /* View+Ext.swift in Sources */ = {isa = PBXBuildFile; fileRef = 55576EF4298B5DAD0089861A /* View+Ext.swift */; };
		55576EF7298C864E0089861A /* SpecialWasteDropOffLocation.swift in Sources */ = {isa = PBXBuildFile; fileRef = 55576EF6298C864E0089861A /* SpecialWasteDropOffLocation.swift */; };
		55576EF9298C96A90089861A /* NotificationManager.swift in Sources */ = {isa = PBXBuildFile; fileRef = 55576EF8298C96A90089861A /* NotificationManager.swift */; };
		55576EFB298CAB780089861A /* FavoritesDetailView.swift in Sources */ = {isa = PBXBuildFile; fileRef = 55576EFA298CAB780089861A /* FavoritesDetailView.swift */; };
		55576EFE298DBD890089861A /* Lottie in Frameworks */ = {isa = PBXBuildFile; productRef = 55576EFD298DBD890089861A /* Lottie */; };
		55576F00298DBF430089861A /* LottieView.swift in Sources */ = {isa = PBXBuildFile; fileRef = 55576EFF298DBF430089861A /* LottieView.swift */; };
		55576F02298DC3C30089861A /* Check.json in Resources */ = {isa = PBXBuildFile; fileRef = 55576F01298DC3C20089861A /* Check.json */; };
		555AE9BF29D2796200A66411 /* Array+Ext.swift in Sources */ = {isa = PBXBuildFile; fileRef = 555AE9BE29D2796200A66411 /* Array+Ext.swift */; };
		555AE9C829D3B41700A66411 /* WidgetKit.framework in Frameworks */ = {isa = PBXBuildFile; fileRef = 555AE9C729D3B41700A66411 /* WidgetKit.framework */; };
		555AE9CA29D3B41700A66411 /* SwiftUI.framework in Frameworks */ = {isa = PBXBuildFile; fileRef = 555AE9C929D3B41700A66411 /* SwiftUI.framework */; };
		555AE9CD29D3B41700A66411 /* DSNYPickupWidgetBundle.swift in Sources */ = {isa = PBXBuildFile; fileRef = 555AE9CC29D3B41700A66411 /* DSNYPickupWidgetBundle.swift */; };
		555AE9CF29D3B41700A66411 /* DSNYPickupWidget.swift in Sources */ = {isa = PBXBuildFile; fileRef = 555AE9CE29D3B41700A66411 /* DSNYPickupWidget.swift */; };
		555AE9D229D3B41900A66411 /* Assets.xcassets in Resources */ = {isa = PBXBuildFile; fileRef = 555AE9D129D3B41900A66411 /* Assets.xcassets */; };
		555AE9D429D3B41900A66411 /* DSNYPickupWidgetIntents.intentdefinition in Sources */ = {isa = PBXBuildFile; fileRef = 555AE9D029D3B41700A66411 /* DSNYPickupWidgetIntents.intentdefinition */; };
		555AE9D529D3B41900A66411 /* DSNYPickupWidgetIntents.intentdefinition in Sources */ = {isa = PBXBuildFile; fileRef = 555AE9D029D3B41700A66411 /* DSNYPickupWidgetIntents.intentdefinition */; };
		555AE9D829D3B41900A66411 /* DSNYPickupWidgetExtension.appex in Embed Foundation Extensions */ = {isa = PBXBuildFile; fileRef = 555AE9C529D3B41700A66411 /* DSNYPickupWidgetExtension.appex */; settings = {ATTRIBUTES = (RemoveHeadersOnCopy, ); }; };
		555AE9DD29D3B44000A66411 /* NetworkManager.swift in Sources */ = {isa = PBXBuildFile; fileRef = 55B2513C2969B7D40045364E /* NetworkManager.swift */; };
		555AE9DE29D3B47600A66411 /* DataManager.swift in Sources */ = {isa = PBXBuildFile; fileRef = 55576EB32986EBF10089861A /* DataManager.swift */; };
		555AE9E329D3DB7700A66411 /* GarbageCollection.xcdatamodeld in Sources */ = {isa = PBXBuildFile; fileRef = 55576EB0298605E20089861A /* GarbageCollection.xcdatamodeld */; };
		555AE9E529D51A1700A66411 /* Garbage.swift in Sources */ = {isa = PBXBuildFile; fileRef = 55F6791529722F94003331C5 /* Garbage.swift */; };
		555AE9E629D51A1A00A66411 /* ItemToDispose.swift in Sources */ = {isa = PBXBuildFile; fileRef = 55576E9B29821F8F0089861A /* ItemToDispose.swift */; };
		555AE9E729D51A2100A66411 /* WeekDay.swift in Sources */ = {isa = PBXBuildFile; fileRef = 55F6792429737328003331C5 /* WeekDay.swift */; };
		555AE9E929D51ADF00A66411 /* Collections in Frameworks */ = {isa = PBXBuildFile; productRef = 555AE9E829D51ADF00A66411 /* Collections */; };
		556BDAF729DF9D0A000D9056 /* MockData.swift in Sources */ = {isa = PBXBuildFile; fileRef = 55576EAA29848FF40089861A /* MockData.swift */; };
		5590824325A3CB7900F2CF62 /* DSNYPickupApp.swift in Sources */ = {isa = PBXBuildFile; fileRef = 5590824225A3CB7900F2CF62 /* DSNYPickupApp.swift */; };
		5590824525A3CB7900F2CF62 /* GarbageCollectionView.swift in Sources */ = {isa = PBXBuildFile; fileRef = 5590824425A3CB7900F2CF62 /* GarbageCollectionView.swift */; };
		5590824725A3CB7A00F2CF62 /* Assets.xcassets in Resources */ = {isa = PBXBuildFile; fileRef = 5590824625A3CB7A00F2CF62 /* Assets.xcassets */; };
		5590824A25A3CB7A00F2CF62 /* Preview Assets.xcassets in Resources */ = {isa = PBXBuildFile; fileRef = 5590824925A3CB7A00F2CF62 /* Preview Assets.xcassets */; };
		55AE1C20297B50F8006208A2 /* CollectionInfo.swift in Sources */ = {isa = PBXBuildFile; fileRef = 55AE1C1F297B50F8006208A2 /* CollectionInfo.swift */; };
		55AE1C22297B9472006208A2 /* TabBarView.swift in Sources */ = {isa = PBXBuildFile; fileRef = 55AE1C21297B9472006208A2 /* TabBarView.swift */; };
		55B2513D2969B7D40045364E /* NetworkManager.swift in Sources */ = {isa = PBXBuildFile; fileRef = 55B2513C2969B7D40045364E /* NetworkManager.swift */; };
		55B2513F2969B8AF0045364E /* APIToken.swift in Sources */ = {isa = PBXBuildFile; fileRef = 55B2513E2969B8AF0045364E /* APIToken.swift */; };
		55BB1DD2299EE1910032DDDD /* NotificationToggleStyle.swift in Sources */ = {isa = PBXBuildFile; fileRef = 55BB1DD1299EE1910032DDDD /* NotificationToggleStyle.swift */; };
		55BDDBF3297CAB8E00988C8E /* LocationManager.swift in Sources */ = {isa = PBXBuildFile; fileRef = 55BDDBF2297CAB8E00988C8E /* LocationManager.swift */; };
		55BDDBF5297CB4CC00988C8E /* PlaceView.swift in Sources */ = {isa = PBXBuildFile; fileRef = 55BDDBF4297CB4CC00988C8E /* PlaceView.swift */; };
		55F6791629722F94003331C5 /* Garbage.swift in Sources */ = {isa = PBXBuildFile; fileRef = 55F6791529722F94003331C5 /* Garbage.swift */; };
		55F67918297327CB003331C5 /* CalendarHeaderView.swift in Sources */ = {isa = PBXBuildFile; fileRef = 55F67917297327CB003331C5 /* CalendarHeaderView.swift */; };
		55F6791D29734F54003331C5 /* Collections in Frameworks */ = {isa = PBXBuildFile; productRef = 55F6791C29734F54003331C5 /* Collections */; };
		55F6791F29734F54003331C5 /* DequeModule in Frameworks */ = {isa = PBXBuildFile; productRef = 55F6791E29734F54003331C5 /* DequeModule */; };
		55F6792129734F54003331C5 /* OrderedCollections in Frameworks */ = {isa = PBXBuildFile; productRef = 55F6792029734F54003331C5 /* OrderedCollections */; };
		55F679232973600D003331C5 /* GarbageCollectionStateModel.swift in Sources */ = {isa = PBXBuildFile; fileRef = 55F679222973600D003331C5 /* GarbageCollectionStateModel.swift */; };
		55F6792529737328003331C5 /* WeekDay.swift in Sources */ = {isa = PBXBuildFile; fileRef = 55F6792429737328003331C5 /* WeekDay.swift */; };
		55F6792729738A68003331C5 /* GarbageCollectionGridView.swift in Sources */ = {isa = PBXBuildFile; fileRef = 55F6792629738A68003331C5 /* GarbageCollectionGridView.swift */; };
		55F9C42B2974B7A50038A427 /* Alert.swift in Sources */ = {isa = PBXBuildFile; fileRef = 55F9C42A2974B7A50038A427 /* Alert.swift */; };
/* End PBXBuildFile section */

/* Begin PBXContainerItemProxy section */
		553C92A629EC39A7003072FD /* PBXContainerItemProxy */ = {
			isa = PBXContainerItemProxy;
			containerPortal = 5590823725A3CB7900F2CF62 /* Project object */;
			proxyType = 1;
			remoteGlobalIDString = 553C929E29EC39A7003072FD;
			remoteInfo = DSNYPickupIntents;
		};
		555AE9D629D3B41900A66411 /* PBXContainerItemProxy */ = {
			isa = PBXContainerItemProxy;
			containerPortal = 5590823725A3CB7900F2CF62 /* Project object */;
			proxyType = 1;
			remoteGlobalIDString = 555AE9C429D3B41700A66411;
			remoteInfo = DSNYPickupWidgetExtension;
		};
/* End PBXContainerItemProxy section */

/* Begin PBXCopyFilesBuildPhase section */
		555AE9DC29D3B41900A66411 /* Embed Foundation Extensions */ = {
			isa = PBXCopyFilesBuildPhase;
			buildActionMask = 2147483647;
			dstPath = "";
			dstSubfolderSpec = 13;
			files = (
				553C92A829EC39A7003072FD /* DSNYPickupIntents.appex in Embed Foundation Extensions */,
				555AE9D829D3B41900A66411 /* DSNYPickupWidgetExtension.appex in Embed Foundation Extensions */,
			);
			name = "Embed Foundation Extensions";
			runOnlyForDeploymentPostprocessing = 0;
		};
/* End PBXCopyFilesBuildPhase section */

/* Begin PBXFileReference section */
		553C929F29EC39A7003072FD /* DSNYPickupIntents.appex */ = {isa = PBXFileReference; explicitFileType = "wrapper.app-extension"; includeInIndex = 0; path = DSNYPickupIntents.appex; sourceTree = BUILT_PRODUCTS_DIR; };
		553C92A029EC39A7003072FD /* Intents.framework */ = {isa = PBXFileReference; lastKnownFileType = wrapper.framework; name = Intents.framework; path = System/Library/Frameworks/Intents.framework; sourceTree = SDKROOT; };
		553C92A329EC39A7003072FD /* IntentHandler.swift */ = {isa = PBXFileReference; lastKnownFileType = sourcecode.swift; path = IntentHandler.swift; sourceTree = "<group>"; };
		553C92A529EC39A7003072FD /* Info.plist */ = {isa = PBXFileReference; lastKnownFileType = text.plist.xml; path = Info.plist; sourceTree = "<group>"; };
		553C92AC29EC39AB003072FD /* DSNYPickupIntents.entitlements */ = {isa = PBXFileReference; lastKnownFileType = text.plist.entitlements; path = DSNYPickupIntents.entitlements; sourceTree = "<group>"; };
		553C92B329EE0692003072FD /* EnumDays.swift */ = {isa = PBXFileReference; lastKnownFileType = sourcecode.swift; path = EnumDays.swift; sourceTree = "<group>"; };
		553C92B829F74805003072FD /* Date+Ext.swift */ = {isa = PBXFileReference; lastKnownFileType = sourcecode.swift; path = "Date+Ext.swift"; sourceTree = "<group>"; };
		5545A31429A04CF400352A57 /* FavoritesNotificationSheetView.swift */ = {isa = PBXFileReference; lastKnownFileType = sourcecode.swift; path = FavoritesNotificationSheetView.swift; sourceTree = "<group>"; };
		55576E9B29821F8F0089861A /* ItemToDispose.swift */ = {isa = PBXFileReference; lastKnownFileType = sourcecode.swift; path = ItemToDispose.swift; sourceTree = "<group>"; };
		55576E9D298221940089861A /* DisposeOfItemView.swift */ = {isa = PBXFileReference; lastKnownFileType = sourcecode.swift; path = DisposeOfItemView.swift; sourceTree = "<group>"; };
		55576EA829848E230089861A /* DisposeItemDetailView.swift */ = {isa = PBXFileReference; lastKnownFileType = sourcecode.swift; path = DisposeItemDetailView.swift; sourceTree = "<group>"; };
		55576EAA29848FF40089861A /* MockData.swift */ = {isa = PBXFileReference; lastKnownFileType = sourcecode.swift; path = MockData.swift; sourceTree = "<group>"; };
		55576EAE298595B00089861A /* DetailItemButton.swift */ = {isa = PBXFileReference; lastKnownFileType = sourcecode.swift; path = DetailItemButton.swift; sourceTree = "<group>"; };
		55576EB1298605E20089861A /* Garbage.xcdatamodel */ = {isa = PBXFileReference; lastKnownFileType = wrapper.xcdatamodel; path = Garbage.xcdatamodel; sourceTree = "<group>"; };
		55576EB32986EBF10089861A /* DataManager.swift */ = {isa = PBXFileReference; lastKnownFileType = sourcecode.swift; path = DataManager.swift; sourceTree = "<group>"; };
		55576EB52986ECA70089861A /* FavoritesView.swift */ = {isa = PBXFileReference; lastKnownFileType = sourcecode.swift; path = FavoritesView.swift; sourceTree = "<group>"; };
		55576EBA2988C41D0089861A /* MoreView.swift */ = {isa = PBXFileReference; lastKnownFileType = sourcecode.swift; path = MoreView.swift; sourceTree = "<group>"; };
		55576EF2298B5D6A0089861A /* Navigation+Ext.swift */ = {isa = PBXFileReference; lastKnownFileType = sourcecode.swift; path = "Navigation+Ext.swift"; sourceTree = "<group>"; };
		55576EF4298B5DAD0089861A /* View+Ext.swift */ = {isa = PBXFileReference; lastKnownFileType = sourcecode.swift; path = "View+Ext.swift"; sourceTree = "<group>"; };
		55576EF6298C864E0089861A /* SpecialWasteDropOffLocation.swift */ = {isa = PBXFileReference; lastKnownFileType = sourcecode.swift; path = SpecialWasteDropOffLocation.swift; sourceTree = "<group>"; };
		55576EF8298C96A90089861A /* NotificationManager.swift */ = {isa = PBXFileReference; lastKnownFileType = sourcecode.swift; path = NotificationManager.swift; sourceTree = "<group>"; };
		55576EFA298CAB780089861A /* FavoritesDetailView.swift */ = {isa = PBXFileReference; lastKnownFileType = sourcecode.swift; path = FavoritesDetailView.swift; sourceTree = "<group>"; };
		55576EFF298DBF430089861A /* LottieView.swift */ = {isa = PBXFileReference; lastKnownFileType = sourcecode.swift; path = LottieView.swift; sourceTree = "<group>"; };
		55576F01298DC3C20089861A /* Check.json */ = {isa = PBXFileReference; fileEncoding = 4; lastKnownFileType = text.json; path = Check.json; sourceTree = "<group>"; };
		555AE9BE29D2796200A66411 /* Array+Ext.swift */ = {isa = PBXFileReference; lastKnownFileType = sourcecode.swift; path = "Array+Ext.swift"; sourceTree = "<group>"; };
		555AE9C529D3B41700A66411 /* DSNYPickupWidgetExtension.appex */ = {isa = PBXFileReference; explicitFileType = "wrapper.app-extension"; includeInIndex = 0; path = DSNYPickupWidgetExtension.appex; sourceTree = BUILT_PRODUCTS_DIR; };
		555AE9C729D3B41700A66411 /* WidgetKit.framework */ = {isa = PBXFileReference; lastKnownFileType = wrapper.framework; name = WidgetKit.framework; path = System/Library/Frameworks/WidgetKit.framework; sourceTree = SDKROOT; };
		555AE9C929D3B41700A66411 /* SwiftUI.framework */ = {isa = PBXFileReference; lastKnownFileType = wrapper.framework; name = SwiftUI.framework; path = System/Library/Frameworks/SwiftUI.framework; sourceTree = SDKROOT; };
		555AE9CC29D3B41700A66411 /* DSNYPickupWidgetBundle.swift */ = {isa = PBXFileReference; lastKnownFileType = sourcecode.swift; path = DSNYPickupWidgetBundle.swift; sourceTree = "<group>"; };
		555AE9CE29D3B41700A66411 /* DSNYPickupWidget.swift */ = {isa = PBXFileReference; lastKnownFileType = sourcecode.swift; path = DSNYPickupWidget.swift; sourceTree = "<group>"; };
		555AE9D029D3B41700A66411 /* DSNYPickupWidgetIntents.intentdefinition */ = {isa = PBXFileReference; lastKnownFileType = file.intentdefinition; path = DSNYPickupWidgetIntents.intentdefinition; sourceTree = "<group>"; };
		555AE9D129D3B41900A66411 /* Assets.xcassets */ = {isa = PBXFileReference; lastKnownFileType = folder.assetcatalog; path = Assets.xcassets; sourceTree = "<group>"; };
		555AE9D329D3B41900A66411 /* Info.plist */ = {isa = PBXFileReference; lastKnownFileType = text.plist.xml; path = Info.plist; sourceTree = "<group>"; };
		555AE9DF29D3D77900A66411 /* DSNYPickup.entitlements */ = {isa = PBXFileReference; lastKnownFileType = text.plist.entitlements; path = DSNYPickup.entitlements; sourceTree = "<group>"; };
		555AE9E429D5165400A66411 /* DSNYPickupWidgetExtension.entitlements */ = {isa = PBXFileReference; lastKnownFileType = text.plist.entitlements; path = DSNYPickupWidgetExtension.entitlements; sourceTree = "<group>"; };
		5590823F25A3CB7900F2CF62 /* DSNYPickup.app */ = {isa = PBXFileReference; explicitFileType = wrapper.application; includeInIndex = 0; path = DSNYPickup.app; sourceTree = BUILT_PRODUCTS_DIR; };
		5590824225A3CB7900F2CF62 /* DSNYPickupApp.swift */ = {isa = PBXFileReference; lastKnownFileType = sourcecode.swift; path = DSNYPickupApp.swift; sourceTree = "<group>"; };
		5590824425A3CB7900F2CF62 /* GarbageCollectionView.swift */ = {isa = PBXFileReference; lastKnownFileType = sourcecode.swift; path = GarbageCollectionView.swift; sourceTree = "<group>"; };
		5590824625A3CB7A00F2CF62 /* Assets.xcassets */ = {isa = PBXFileReference; lastKnownFileType = folder.assetcatalog; path = Assets.xcassets; sourceTree = "<group>"; };
		5590824925A3CB7A00F2CF62 /* Preview Assets.xcassets */ = {isa = PBXFileReference; lastKnownFileType = folder.assetcatalog; path = "Preview Assets.xcassets"; sourceTree = "<group>"; };
		5590824B25A3CB7A00F2CF62 /* Info.plist */ = {isa = PBXFileReference; lastKnownFileType = text.plist.xml; path = Info.plist; sourceTree = "<group>"; };
		55AE1C1F297B50F8006208A2 /* CollectionInfo.swift */ = {isa = PBXFileReference; lastKnownFileType = sourcecode.swift; path = CollectionInfo.swift; sourceTree = "<group>"; };
		55AE1C21297B9472006208A2 /* TabBarView.swift */ = {isa = PBXFileReference; lastKnownFileType = sourcecode.swift; path = TabBarView.swift; sourceTree = "<group>"; };
		55B2513C2969B7D40045364E /* NetworkManager.swift */ = {isa = PBXFileReference; lastKnownFileType = sourcecode.swift; path = NetworkManager.swift; sourceTree = "<group>"; };
		55B2513E2969B8AF0045364E /* APIToken.swift */ = {isa = PBXFileReference; lastKnownFileType = sourcecode.swift; path = APIToken.swift; sourceTree = "<group>"; };
		55B96B3C2A0A6DA2008D715E /* README.md */ = {isa = PBXFileReference; lastKnownFileType = net.daringfireball.markdown; path = README.md; sourceTree = "<group>"; };
		55BB1DD1299EE1910032DDDD /* NotificationToggleStyle.swift */ = {isa = PBXFileReference; lastKnownFileType = sourcecode.swift; path = NotificationToggleStyle.swift; sourceTree = "<group>"; };
		55BDDBF2297CAB8E00988C8E /* LocationManager.swift */ = {isa = PBXFileReference; lastKnownFileType = sourcecode.swift; path = LocationManager.swift; sourceTree = "<group>"; };
		55BDDBF4297CB4CC00988C8E /* PlaceView.swift */ = {isa = PBXFileReference; lastKnownFileType = sourcecode.swift; path = PlaceView.swift; sourceTree = "<group>"; };
		55F6791529722F94003331C5 /* Garbage.swift */ = {isa = PBXFileReference; lastKnownFileType = sourcecode.swift; path = Garbage.swift; sourceTree = "<group>"; };
		55F67917297327CB003331C5 /* CalendarHeaderView.swift */ = {isa = PBXFileReference; lastKnownFileType = sourcecode.swift; path = CalendarHeaderView.swift; sourceTree = "<group>"; };
		55F679222973600D003331C5 /* GarbageCollectionStateModel.swift */ = {isa = PBXFileReference; lastKnownFileType = sourcecode.swift; path = GarbageCollectionStateModel.swift; sourceTree = "<group>"; };
		55F6792429737328003331C5 /* WeekDay.swift */ = {isa = PBXFileReference; lastKnownFileType = sourcecode.swift; path = WeekDay.swift; sourceTree = "<group>"; };
		55F6792629738A68003331C5 /* GarbageCollectionGridView.swift */ = {isa = PBXFileReference; lastKnownFileType = sourcecode.swift; path = GarbageCollectionGridView.swift; sourceTree = "<group>"; };
		55F9C42A2974B7A50038A427 /* Alert.swift */ = {isa = PBXFileReference; lastKnownFileType = sourcecode.swift; path = Alert.swift; sourceTree = "<group>"; };
/* End PBXFileReference section */

/* Begin PBXFrameworksBuildPhase section */
		553C929C29EC39A7003072FD /* Frameworks */ = {
			isa = PBXFrameworksBuildPhase;
			buildActionMask = 2147483647;
			files = (
				553C92A129EC39A7003072FD /* Intents.framework in Frameworks */,
			);
			runOnlyForDeploymentPostprocessing = 0;
		};
		555AE9C229D3B41700A66411 /* Frameworks */ = {
			isa = PBXFrameworksBuildPhase;
			buildActionMask = 2147483647;
			files = (
				555AE9E929D51ADF00A66411 /* Collections in Frameworks */,
				555AE9CA29D3B41700A66411 /* SwiftUI.framework in Frameworks */,
				555AE9C829D3B41700A66411 /* WidgetKit.framework in Frameworks */,
			);
			runOnlyForDeploymentPostprocessing = 0;
		};
		5590823C25A3CB7900F2CF62 /* Frameworks */ = {
			isa = PBXFrameworksBuildPhase;
			buildActionMask = 2147483647;
			files = (
				55576EFE298DBD890089861A /* Lottie in Frameworks */,
				55F6791D29734F54003331C5 /* Collections in Frameworks */,
				55576EA72982C97B0089861A /* SwiftSoup in Frameworks */,
				55F6792129734F54003331C5 /* OrderedCollections in Frameworks */,
				55F6791F29734F54003331C5 /* DequeModule in Frameworks */,
			);
			runOnlyForDeploymentPostprocessing = 0;
		};
/* End PBXFrameworksBuildPhase section */

/* Begin PBXGroup section */
		553C92A229EC39A7003072FD /* DSNYPickupIntents */ = {
			isa = PBXGroup;
			children = (
				553C92AC29EC39AB003072FD /* DSNYPickupIntents.entitlements */,
				553C92A329EC39A7003072FD /* IntentHandler.swift */,
				553C92A529EC39A7003072FD /* Info.plist */,
			);
			path = DSNYPickupIntents;
			sourceTree = "<group>";
		};
		55576EB7298718690089861A /* GarbageCollectionsView */ = {
			isa = PBXGroup;
			children = (
				5590824425A3CB7900F2CF62 /* GarbageCollectionView.swift */,
				55F679222973600D003331C5 /* GarbageCollectionStateModel.swift */,
			);
			path = GarbageCollectionsView;
			sourceTree = "<group>";
		};
		55576EB82987188F0089861A /* DisposeOfItemsViews */ = {
			isa = PBXGroup;
			children = (
				55576E9D298221940089861A /* DisposeOfItemView.swift */,
				55576EA829848E230089861A /* DisposeItemDetailView.swift */,
			);
			path = DisposeOfItemsViews;
			sourceTree = "<group>";
		};
		55576EB9298718AD0089861A /* FavoritesView */ = {
			isa = PBXGroup;
			children = (
				55576EB52986ECA70089861A /* FavoritesView.swift */,
				55576EFA298CAB780089861A /* FavoritesDetailView.swift */,
				5545A31429A04CF400352A57 /* FavoritesNotificationSheetView.swift */,
			);
			path = FavoritesView;
			sourceTree = "<group>";
		};
		55576EBC2988C4280089861A /* MoreView */ = {
			isa = PBXGroup;
			children = (
				55576EBA2988C41D0089861A /* MoreView.swift */,
				55576EF6298C864E0089861A /* SpecialWasteDropOffLocation.swift */,
			);
			path = MoreView;
			sourceTree = "<group>";
		};
		555AE9C029D279AC00A66411 /* Extensions */ = {
			isa = PBXGroup;
			children = (
				55576EF2298B5D6A0089861A /* Navigation+Ext.swift */,
				555AE9BE29D2796200A66411 /* Array+Ext.swift */,
				55576EF4298B5DAD0089861A /* View+Ext.swift */,
				553C92B829F74805003072FD /* Date+Ext.swift */,
			);
			path = Extensions;
			sourceTree = "<group>";
		};
		555AE9C629D3B41700A66411 /* Frameworks */ = {
			isa = PBXGroup;
			children = (
				555AE9C729D3B41700A66411 /* WidgetKit.framework */,
				555AE9C929D3B41700A66411 /* SwiftUI.framework */,
				553C92A029EC39A7003072FD /* Intents.framework */,
			);
			name = Frameworks;
			sourceTree = "<group>";
		};
		555AE9CB29D3B41700A66411 /* DSNYPickupWidget */ = {
			isa = PBXGroup;
			children = (
				555AE9CC29D3B41700A66411 /* DSNYPickupWidgetBundle.swift */,
				555AE9CE29D3B41700A66411 /* DSNYPickupWidget.swift */,
				555AE9D029D3B41700A66411 /* DSNYPickupWidgetIntents.intentdefinition */,
				555AE9D129D3B41900A66411 /* Assets.xcassets */,
				555AE9D329D3B41900A66411 /* Info.plist */,
			);
			path = DSNYPickupWidget;
			sourceTree = "<group>";
		};
		5590823625A3CB7900F2CF62 = {
			isa = PBXGroup;
			children = (
				55B96B3C2A0A6DA2008D715E /* README.md */,
				555AE9E429D5165400A66411 /* DSNYPickupWidgetExtension.entitlements */,
				5590824125A3CB7900F2CF62 /* DSNYPickup */,
				555AE9CB29D3B41700A66411 /* DSNYPickupWidget */,
				553C92A229EC39A7003072FD /* DSNYPickupIntents */,
				555AE9C629D3B41700A66411 /* Frameworks */,
				5590824025A3CB7900F2CF62 /* Products */,
			);
			sourceTree = "<group>";
		};
		5590824025A3CB7900F2CF62 /* Products */ = {
			isa = PBXGroup;
			children = (
				5590823F25A3CB7900F2CF62 /* DSNYPickup.app */,
				555AE9C529D3B41700A66411 /* DSNYPickupWidgetExtension.appex */,
				553C929F29EC39A7003072FD /* DSNYPickupIntents.appex */,
			);
			name = Products;
			sourceTree = "<group>";
		};
		5590824125A3CB7900F2CF62 /* DSNYPickup */ = {
			isa = PBXGroup;
			children = (
				555AE9DF29D3D77900A66411 /* DSNYPickup.entitlements */,
				5590824225A3CB7900F2CF62 /* DSNYPickupApp.swift */,
				55F6792B2973A193003331C5 /* Screens */,
				553C92B329EE0692003072FD /* EnumDays.swift */,
				55F679282973A15C003331C5 /* Views */,
				55F9C42C2974B80D0038A427 /* Alert */,
				55F6792A2973A17D003331C5 /* Manager */,
				55F679292973A174003331C5 /* Model */,
				555AE9C029D279AC00A66411 /* Extensions */,
				55B2513E2969B8AF0045364E /* APIToken.swift */,
				55576EB0298605E20089861A /* GarbageCollection.xcdatamodeld */,
				5590824625A3CB7A00F2CF62 /* Assets.xcassets */,
				5590824B25A3CB7A00F2CF62 /* Info.plist */,
				5590824825A3CB7A00F2CF62 /* Preview Content */,
			);
			path = DSNYPickup;
			sourceTree = "<group>";
		};
		5590824825A3CB7A00F2CF62 /* Preview Content */ = {
			isa = PBXGroup;
			children = (
				5590824925A3CB7A00F2CF62 /* Preview Assets.xcassets */,
			);
			path = "Preview Content";
			sourceTree = "<group>";
		};
		55F679282973A15C003331C5 /* Views */ = {
			isa = PBXGroup;
			children = (
				55F6792629738A68003331C5 /* GarbageCollectionGridView.swift */,
				55576EFF298DBF430089861A /* LottieView.swift */,
				55576F01298DC3C20089861A /* Check.json */,
				55F67917297327CB003331C5 /* CalendarHeaderView.swift */,
				55AE1C1F297B50F8006208A2 /* CollectionInfo.swift */,
				55BB1DD1299EE1910032DDDD /* NotificationToggleStyle.swift */,
			);
			path = Views;
			sourceTree = "<group>";
		};
		55F679292973A174003331C5 /* Model */ = {
			isa = PBXGroup;
			children = (
				55F6791529722F94003331C5 /* Garbage.swift */,
				55576E9B29821F8F0089861A /* ItemToDispose.swift */,
				55F6792429737328003331C5 /* WeekDay.swift */,
				55BDDBF4297CB4CC00988C8E /* PlaceView.swift */,
				55576EAA29848FF40089861A /* MockData.swift */,
				55576EAE298595B00089861A /* DetailItemButton.swift */,
			);
			path = Model;
			sourceTree = "<group>";
		};
		55F6792A2973A17D003331C5 /* Manager */ = {
			isa = PBXGroup;
			children = (
				55B2513C2969B7D40045364E /* NetworkManager.swift */,
				55BDDBF2297CAB8E00988C8E /* LocationManager.swift */,
				55576EB32986EBF10089861A /* DataManager.swift */,
				55576EF8298C96A90089861A /* NotificationManager.swift */,
			);
			path = Manager;
			sourceTree = "<group>";
		};
		55F6792B2973A193003331C5 /* Screens */ = {
			isa = PBXGroup;
			children = (
				55AE1C21297B9472006208A2 /* TabBarView.swift */,
				55576EB7298718690089861A /* GarbageCollectionsView */,
				55576EB9298718AD0089861A /* FavoritesView */,
				55576EB82987188F0089861A /* DisposeOfItemsViews */,
				55576EBC2988C4280089861A /* MoreView */,
			);
			path = Screens;
			sourceTree = "<group>";
		};
		55F9C42C2974B80D0038A427 /* Alert */ = {
			isa = PBXGroup;
			children = (
				55F9C42A2974B7A50038A427 /* Alert.swift */,
			);
			path = Alert;
			sourceTree = "<group>";
		};
/* End PBXGroup section */

/* Begin PBXNativeTarget section */
		553C929E29EC39A7003072FD /* DSNYPickupIntents */ = {
			isa = PBXNativeTarget;
			buildConfigurationList = 553C92AB29EC39A7003072FD /* Build configuration list for PBXNativeTarget "DSNYPickupIntents" */;
			buildPhases = (
				553C929B29EC39A7003072FD /* Sources */,
				553C929C29EC39A7003072FD /* Frameworks */,
				553C929D29EC39A7003072FD /* Resources */,
			);
			buildRules = (
			);
			dependencies = (
			);
			name = DSNYPickupIntents;
			productName = DSNYPickupIntents;
			productReference = 553C929F29EC39A7003072FD /* DSNYPickupIntents.appex */;
			productType = "com.apple.product-type.app-extension";
		};
		555AE9C429D3B41700A66411 /* DSNYPickupWidgetExtension */ = {
			isa = PBXNativeTarget;
			buildConfigurationList = 555AE9D929D3B41900A66411 /* Build configuration list for PBXNativeTarget "DSNYPickupWidgetExtension" */;
			buildPhases = (
				555AE9C129D3B41700A66411 /* Sources */,
				555AE9C229D3B41700A66411 /* Frameworks */,
				555AE9C329D3B41700A66411 /* Resources */,
			);
			buildRules = (
			);
			dependencies = (
			);
			name = DSNYPickupWidgetExtension;
			packageProductDependencies = (
				555AE9E829D51ADF00A66411 /* Collections */,
			);
			productName = DSNYPickupWidgetExtension;
			productReference = 555AE9C529D3B41700A66411 /* DSNYPickupWidgetExtension.appex */;
			productType = "com.apple.product-type.app-extension";
		};
		5590823E25A3CB7900F2CF62 /* DSNYPickup */ = {
			isa = PBXNativeTarget;
			buildConfigurationList = 5590824E25A3CB7A00F2CF62 /* Build configuration list for PBXNativeTarget "DSNYPickup" */;
			buildPhases = (
				5590823B25A3CB7900F2CF62 /* Sources */,
				5590823C25A3CB7900F2CF62 /* Frameworks */,
				5590823D25A3CB7900F2CF62 /* Resources */,
				555AE9DC29D3B41900A66411 /* Embed Foundation Extensions */,
			);
			buildRules = (
			);
			dependencies = (
				555AE9D729D3B41900A66411 /* PBXTargetDependency */,
				553C92A729EC39A7003072FD /* PBXTargetDependency */,
			);
			name = DSNYPickup;
			packageProductDependencies = (
				55F6791C29734F54003331C5 /* Collections */,
				55F6791E29734F54003331C5 /* DequeModule */,
				55F6792029734F54003331C5 /* OrderedCollections */,
				55576EA62982C97B0089861A /* SwiftSoup */,
				55576EFD298DBD890089861A /* Lottie */,
			);
			productName = DSNYPickup;
			productReference = 5590823F25A3CB7900F2CF62 /* DSNYPickup.app */;
			productType = "com.apple.product-type.application";
		};
/* End PBXNativeTarget section */

/* Begin PBXProject section */
		5590823725A3CB7900F2CF62 /* Project object */ = {
			isa = PBXProject;
			attributes = {
				BuildIndependentTargetsInParallel = YES;
				LastSwiftUpdateCheck = 1430;
				LastUpgradeCheck = 1430;
				TargetAttributes = {
					553C929E29EC39A7003072FD = {
						CreatedOnToolsVersion = 14.3;
					};
					555AE9C429D3B41700A66411 = {
						CreatedOnToolsVersion = 14.2;
					};
					5590823E25A3CB7900F2CF62 = {
						CreatedOnToolsVersion = 12.3;
					};
				};
			};
			buildConfigurationList = 5590823A25A3CB7900F2CF62 /* Build configuration list for PBXProject "DSNYPickup" */;
			compatibilityVersion = "Xcode 9.3";
			developmentRegion = en;
			hasScannedForEncodings = 0;
			knownRegions = (
				en,
				Base,
			);
			mainGroup = 5590823625A3CB7900F2CF62;
			packageReferences = (
				55F6791B29734F54003331C5 /* XCRemoteSwiftPackageReference "swift-collections" */,
				55576EA52982C97B0089861A /* XCRemoteSwiftPackageReference "SwiftSoup" */,
				55576EFC298DBD890089861A /* XCRemoteSwiftPackageReference "lottie-ios" */,
			);
			productRefGroup = 5590824025A3CB7900F2CF62 /* Products */;
			projectDirPath = "";
			projectRoot = "";
			targets = (
				5590823E25A3CB7900F2CF62 /* DSNYPickup */,
				555AE9C429D3B41700A66411 /* DSNYPickupWidgetExtension */,
				553C929E29EC39A7003072FD /* DSNYPickupIntents */,
			);
		};
/* End PBXProject section */

/* Begin PBXResourcesBuildPhase section */
		553C929D29EC39A7003072FD /* Resources */ = {
			isa = PBXResourcesBuildPhase;
			buildActionMask = 2147483647;
			files = (
			);
			runOnlyForDeploymentPostprocessing = 0;
		};
		555AE9C329D3B41700A66411 /* Resources */ = {
			isa = PBXResourcesBuildPhase;
			buildActionMask = 2147483647;
			files = (
				555AE9D229D3B41900A66411 /* Assets.xcassets in Resources */,
			);
			runOnlyForDeploymentPostprocessing = 0;
		};
		5590823D25A3CB7900F2CF62 /* Resources */ = {
			isa = PBXResourcesBuildPhase;
			buildActionMask = 2147483647;
			files = (
				5590824A25A3CB7A00F2CF62 /* Preview Assets.xcassets in Resources */,
				5590824725A3CB7A00F2CF62 /* Assets.xcassets in Resources */,
				55576F02298DC3C30089861A /* Check.json in Resources */,
			);
			runOnlyForDeploymentPostprocessing = 0;
		};
/* End PBXResourcesBuildPhase section */

/* Begin PBXSourcesBuildPhase section */
		553C929B29EC39A7003072FD /* Sources */ = {
			isa = PBXSourcesBuildPhase;
			buildActionMask = 2147483647;
			files = (
				553C92AE29EC39EE003072FD /* DSNYPickupWidgetIntents.intentdefinition in Sources */,
				553C92B129EC3B71003072FD /* DataManager.swift in Sources */,
				553C92A429EC39A7003072FD /* IntentHandler.swift in Sources */,
				553C92B029EC3B64003072FD /* GarbageCollection.xcdatamodeld in Sources */,
			);
			runOnlyForDeploymentPostprocessing = 0;
		};
		555AE9C129D3B41700A66411 /* Sources */ = {
			isa = PBXSourcesBuildPhase;
			buildActionMask = 2147483647;
			files = (
				553C92B629F218F2003072FD /* GarbageCollectionGridView.swift in Sources */,
				555AE9E629D51A1A00A66411 /* ItemToDispose.swift in Sources */,
				555AE9DD29D3B44000A66411 /* NetworkManager.swift in Sources */,
				555AE9E729D51A2100A66411 /* WeekDay.swift in Sources */,
				555AE9E529D51A1700A66411 /* Garbage.swift in Sources */,
				555AE9DE29D3B47600A66411 /* DataManager.swift in Sources */,
				555AE9CD29D3B41700A66411 /* DSNYPickupWidgetBundle.swift in Sources */,
				553C92B229EE0237003072FD /* Array+Ext.swift in Sources */,
				553C92B529EE06F2003072FD /* EnumDays.swift in Sources */,
				553C92BA29F74805003072FD /* Date+Ext.swift in Sources */,
				553C92B729F2194E003072FD /* CalendarHeaderView.swift in Sources */,
				555AE9CF29D3B41700A66411 /* DSNYPickupWidget.swift in Sources */,
				555AE9E329D3DB7700A66411 /* GarbageCollection.xcdatamodeld in Sources */,
				556BDAF729DF9D0A000D9056 /* MockData.swift in Sources */,
				555AE9D429D3B41900A66411 /* DSNYPickupWidgetIntents.intentdefinition in Sources */,
			);
			runOnlyForDeploymentPostprocessing = 0;
		};
		5590823B25A3CB7900F2CF62 /* Sources */ = {
			isa = PBXSourcesBuildPhase;
			buildActionMask = 2147483647;
			files = (
				55576F00298DBF430089861A /* LottieView.swift in Sources */,
				55576EB62986ECA70089861A /* FavoritesView.swift in Sources */,
				5545A31529A04CF400352A57 /* FavoritesNotificationSheetView.swift in Sources */,
				553C92B429EE06D1003072FD /* EnumDays.swift in Sources */,
				55F6791629722F94003331C5 /* Garbage.swift in Sources */,
				55F67918297327CB003331C5 /* CalendarHeaderView.swift in Sources */,
				555AE9BF29D2796200A66411 /* Array+Ext.swift in Sources */,
				55BDDBF5297CB4CC00988C8E /* PlaceView.swift in Sources */,
				55F6792529737328003331C5 /* WeekDay.swift in Sources */,
				55F6792729738A68003331C5 /* GarbageCollectionGridView.swift in Sources */,
				55576EB2298605E20089861A /* GarbageCollection.xcdatamodeld in Sources */,
				55576EF5298B5DAD0089861A /* View+Ext.swift in Sources */,
				55AE1C20297B50F8006208A2 /* CollectionInfo.swift in Sources */,
				55576EBB2988C41D0089861A /* MoreView.swift in Sources */,
				55B2513F2969B8AF0045364E /* APIToken.swift in Sources */,
				55576EA929848E230089861A /* DisposeItemDetailView.swift in Sources */,
				55576EF9298C96A90089861A /* NotificationManager.swift in Sources */,
				55576EFB298CAB780089861A /* FavoritesDetailView.swift in Sources */,
				55B2513D2969B7D40045364E /* NetworkManager.swift in Sources */,
				553C92B929F74805003072FD /* Date+Ext.swift in Sources */,
				55576EB42986EBF10089861A /* DataManager.swift in Sources */,
				55576E9E298221940089861A /* DisposeOfItemView.swift in Sources */,
				55F679232973600D003331C5 /* GarbageCollectionStateModel.swift in Sources */,
				55576EF7298C864E0089861A /* SpecialWasteDropOffLocation.swift in Sources */,
				5590824525A3CB7900F2CF62 /* GarbageCollectionView.swift in Sources */,
				55F9C42B2974B7A50038A427 /* Alert.swift in Sources */,
				55576EAB29848FF40089861A /* MockData.swift in Sources */,
				55AE1C22297B9472006208A2 /* TabBarView.swift in Sources */,
				55BB1DD2299EE1910032DDDD /* NotificationToggleStyle.swift in Sources */,
				55576EF3298B5D6A0089861A /* Navigation+Ext.swift in Sources */,
				55576E9C29821F8F0089861A /* ItemToDispose.swift in Sources */,
				555AE9D529D3B41900A66411 /* DSNYPickupWidgetIntents.intentdefinition in Sources */,
				55576EAF298595B00089861A /* DetailItemButton.swift in Sources */,
				5590824325A3CB7900F2CF62 /* DSNYPickupApp.swift in Sources */,
				55BDDBF3297CAB8E00988C8E /* LocationManager.swift in Sources */,
			);
			runOnlyForDeploymentPostprocessing = 0;
		};
/* End PBXSourcesBuildPhase section */

/* Begin PBXTargetDependency section */
		553C92A729EC39A7003072FD /* PBXTargetDependency */ = {
			isa = PBXTargetDependency;
			target = 553C929E29EC39A7003072FD /* DSNYPickupIntents */;
			targetProxy = 553C92A629EC39A7003072FD /* PBXContainerItemProxy */;
		};
		555AE9D729D3B41900A66411 /* PBXTargetDependency */ = {
			isa = PBXTargetDependency;
			target = 555AE9C429D3B41700A66411 /* DSNYPickupWidgetExtension */;
			targetProxy = 555AE9D629D3B41900A66411 /* PBXContainerItemProxy */;
		};
/* End PBXTargetDependency section */

/* Begin XCBuildConfiguration section */
		553C92A929EC39A7003072FD /* Debug */ = {
			isa = XCBuildConfiguration;
			buildSettings = {
				CLANG_CXX_LANGUAGE_STANDARD = "gnu++20";
				CODE_SIGN_ENTITLEMENTS = DSNYPickupIntents/DSNYPickupIntents.entitlements;
				CODE_SIGN_STYLE = Automatic;
				CURRENT_PROJECT_VERSION = 5;
				DEVELOPMENT_TEAM = 6JBM5ZNF6C;
				GENERATE_INFOPLIST_FILE = YES;
				INFOPLIST_FILE = DSNYPickupIntents/Info.plist;
				INFOPLIST_KEY_CFBundleDisplayName = DSNYPickupIntents;
				INFOPLIST_KEY_NSHumanReadableCopyright = "";
				IPHONEOS_DEPLOYMENT_TARGET = 16.4;
				LD_RUNPATH_SEARCH_PATHS = (
					"$(inherited)",
					"@executable_path/Frameworks",
					"@executable_path/../../Frameworks",
				);
				MARKETING_VERSION = 1.0;
				PRODUCT_BUNDLE_IDENTIFIER = com.Swifttom.DSNYPickup.DSNYPickupIntents;
				PRODUCT_NAME = "$(TARGET_NAME)";
				SKIP_INSTALL = YES;
				SWIFT_EMIT_LOC_STRINGS = YES;
				SWIFT_VERSION = 5.0;
				TARGETED_DEVICE_FAMILY = 1;
			};
			name = Debug;
		};
		553C92AA29EC39A7003072FD /* Release */ = {
			isa = XCBuildConfiguration;
			buildSettings = {
				CLANG_CXX_LANGUAGE_STANDARD = "gnu++20";
				CODE_SIGN_ENTITLEMENTS = DSNYPickupIntents/DSNYPickupIntents.entitlements;
				CODE_SIGN_STYLE = Automatic;
				CURRENT_PROJECT_VERSION = 5;
				DEVELOPMENT_TEAM = 6JBM5ZNF6C;
				GENERATE_INFOPLIST_FILE = YES;
				INFOPLIST_FILE = DSNYPickupIntents/Info.plist;
				INFOPLIST_KEY_CFBundleDisplayName = DSNYPickupIntents;
				INFOPLIST_KEY_NSHumanReadableCopyright = "";
				IPHONEOS_DEPLOYMENT_TARGET = 16.4;
				LD_RUNPATH_SEARCH_PATHS = (
					"$(inherited)",
					"@executable_path/Frameworks",
					"@executable_path/../../Frameworks",
				);
				MARKETING_VERSION = 1.0;
				PRODUCT_BUNDLE_IDENTIFIER = com.Swifttom.DSNYPickup.DSNYPickupIntents;
				PRODUCT_NAME = "$(TARGET_NAME)";
				SKIP_INSTALL = YES;
				SWIFT_EMIT_LOC_STRINGS = YES;
				SWIFT_VERSION = 5.0;
				TARGETED_DEVICE_FAMILY = 1;
			};
			name = Release;
		};
		555AE9DA29D3B41900A66411 /* Debug */ = {
			isa = XCBuildConfiguration;
			buildSettings = {
				ASSETCATALOG_COMPILER_GLOBAL_ACCENT_COLOR_NAME = AccentColor;
				ASSETCATALOG_COMPILER_WIDGET_BACKGROUND_COLOR_NAME = WidgetBackground;
				CLANG_CXX_LANGUAGE_STANDARD = "gnu++20";
				CODE_SIGN_ENTITLEMENTS = DSNYPickupWidgetExtension.entitlements;
				CODE_SIGN_STYLE = Automatic;
				CURRENT_PROJECT_VERSION = 5;
				DEVELOPMENT_TEAM = 6JBM5ZNF6C;
				GENERATE_INFOPLIST_FILE = YES;
				INFOPLIST_FILE = DSNYPickupWidget/Info.plist;
				INFOPLIST_KEY_CFBundleDisplayName = DSNYPickupWidget;
				INFOPLIST_KEY_NSHumanReadableCopyright = "";
				IPHONEOS_DEPLOYMENT_TARGET = 16.2;
				LD_RUNPATH_SEARCH_PATHS = (
					"$(inherited)",
					"@executable_path/Frameworks",
					"@executable_path/../../Frameworks",
				);
				MARKETING_VERSION = 1.0;
				PRODUCT_BUNDLE_IDENTIFIER = com.Swifttom.DSNYPickup.DSNYPickupWidget;
				PRODUCT_NAME = "$(TARGET_NAME)";
				SKIP_INSTALL = YES;
				SWIFT_EMIT_LOC_STRINGS = YES;
				SWIFT_VERSION = 5.0;
				TARGETED_DEVICE_FAMILY = "1,2";
			};
			name = Debug;
		};
		555AE9DB29D3B41900A66411 /* Release */ = {
			isa = XCBuildConfiguration;
			buildSettings = {
				ASSETCATALOG_COMPILER_GLOBAL_ACCENT_COLOR_NAME = AccentColor;
				ASSETCATALOG_COMPILER_WIDGET_BACKGROUND_COLOR_NAME = WidgetBackground;
				CLANG_CXX_LANGUAGE_STANDARD = "gnu++20";
				CODE_SIGN_ENTITLEMENTS = DSNYPickupWidgetExtension.entitlements;
				CODE_SIGN_STYLE = Automatic;
				CURRENT_PROJECT_VERSION = 5;
				DEVELOPMENT_TEAM = 6JBM5ZNF6C;
				GENERATE_INFOPLIST_FILE = YES;
				INFOPLIST_FILE = DSNYPickupWidget/Info.plist;
				INFOPLIST_KEY_CFBundleDisplayName = DSNYPickupWidget;
				INFOPLIST_KEY_NSHumanReadableCopyright = "";
				IPHONEOS_DEPLOYMENT_TARGET = 16.2;
				LD_RUNPATH_SEARCH_PATHS = (
					"$(inherited)",
					"@executable_path/Frameworks",
					"@executable_path/../../Frameworks",
				);
				MARKETING_VERSION = 1.0;
				PRODUCT_BUNDLE_IDENTIFIER = com.Swifttom.DSNYPickup.DSNYPickupWidget;
				PRODUCT_NAME = "$(TARGET_NAME)";
				SKIP_INSTALL = YES;
				SWIFT_EMIT_LOC_STRINGS = YES;
				SWIFT_VERSION = 5.0;
				TARGETED_DEVICE_FAMILY = "1,2";
			};
			name = Release;
		};
		5590824C25A3CB7A00F2CF62 /* Debug */ = {
			isa = XCBuildConfiguration;
			buildSettings = {
				ALWAYS_SEARCH_USER_PATHS = NO;
				CLANG_ANALYZER_NONNULL = YES;
				CLANG_ANALYZER_NUMBER_OBJECT_CONVERSION = YES_AGGRESSIVE;
				CLANG_CXX_LANGUAGE_STANDARD = "gnu++14";
				CLANG_CXX_LIBRARY = "libc++";
				CLANG_ENABLE_MODULES = YES;
				CLANG_ENABLE_OBJC_ARC = YES;
				CLANG_ENABLE_OBJC_WEAK = YES;
				CLANG_WARN_BLOCK_CAPTURE_AUTORELEASING = YES;
				CLANG_WARN_BOOL_CONVERSION = YES;
				CLANG_WARN_COMMA = YES;
				CLANG_WARN_CONSTANT_CONVERSION = YES;
				CLANG_WARN_DEPRECATED_OBJC_IMPLEMENTATIONS = YES;
				CLANG_WARN_DIRECT_OBJC_ISA_USAGE = YES_ERROR;
				CLANG_WARN_DOCUMENTATION_COMMENTS = YES;
				CLANG_WARN_EMPTY_BODY = YES;
				CLANG_WARN_ENUM_CONVERSION = YES;
				CLANG_WARN_INFINITE_RECURSION = YES;
				CLANG_WARN_INT_CONVERSION = YES;
				CLANG_WARN_NON_LITERAL_NULL_CONVERSION = YES;
				CLANG_WARN_OBJC_IMPLICIT_RETAIN_SELF = YES;
				CLANG_WARN_OBJC_LITERAL_CONVERSION = YES;
				CLANG_WARN_OBJC_ROOT_CLASS = YES_ERROR;
				CLANG_WARN_QUOTED_INCLUDE_IN_FRAMEWORK_HEADER = YES;
				CLANG_WARN_RANGE_LOOP_ANALYSIS = YES;
				CLANG_WARN_STRICT_PROTOTYPES = YES;
				CLANG_WARN_SUSPICIOUS_MOVE = YES;
				CLANG_WARN_UNGUARDED_AVAILABILITY = YES_AGGRESSIVE;
				CLANG_WARN_UNREACHABLE_CODE = YES;
				CLANG_WARN__DUPLICATE_METHOD_MATCH = YES;
				COPY_PHASE_STRIP = NO;
				DEBUG_INFORMATION_FORMAT = dwarf;
				ENABLE_STRICT_OBJC_MSGSEND = YES;
				ENABLE_TESTABILITY = YES;
				GCC_C_LANGUAGE_STANDARD = gnu11;
				GCC_DYNAMIC_NO_PIC = NO;
				GCC_NO_COMMON_BLOCKS = YES;
				GCC_OPTIMIZATION_LEVEL = 0;
				GCC_PREPROCESSOR_DEFINITIONS = (
					"DEBUG=1",
					"$(inherited)",
				);
				GCC_WARN_64_TO_32_BIT_CONVERSION = YES;
				GCC_WARN_ABOUT_RETURN_TYPE = YES_ERROR;
				GCC_WARN_UNDECLARED_SELECTOR = YES;
				GCC_WARN_UNINITIALIZED_AUTOS = YES_AGGRESSIVE;
				GCC_WARN_UNUSED_FUNCTION = YES;
				GCC_WARN_UNUSED_VARIABLE = YES;
				IPHONEOS_DEPLOYMENT_TARGET = 14.3;
				MTL_ENABLE_DEBUG_INFO = INCLUDE_SOURCE;
				MTL_FAST_MATH = YES;
				ONLY_ACTIVE_ARCH = YES;
				SDKROOT = iphoneos;
				SWIFT_ACTIVE_COMPILATION_CONDITIONS = DEBUG;
				SWIFT_OPTIMIZATION_LEVEL = "-Onone";
			};
			name = Debug;
		};
		5590824D25A3CB7A00F2CF62 /* Release */ = {
			isa = XCBuildConfiguration;
			buildSettings = {
				ALWAYS_SEARCH_USER_PATHS = NO;
				CLANG_ANALYZER_NONNULL = YES;
				CLANG_ANALYZER_NUMBER_OBJECT_CONVERSION = YES_AGGRESSIVE;
				CLANG_CXX_LANGUAGE_STANDARD = "gnu++14";
				CLANG_CXX_LIBRARY = "libc++";
				CLANG_ENABLE_MODULES = YES;
				CLANG_ENABLE_OBJC_ARC = YES;
				CLANG_ENABLE_OBJC_WEAK = YES;
				CLANG_WARN_BLOCK_CAPTURE_AUTORELEASING = YES;
				CLANG_WARN_BOOL_CONVERSION = YES;
				CLANG_WARN_COMMA = YES;
				CLANG_WARN_CONSTANT_CONVERSION = YES;
				CLANG_WARN_DEPRECATED_OBJC_IMPLEMENTATIONS = YES;
				CLANG_WARN_DIRECT_OBJC_ISA_USAGE = YES_ERROR;
				CLANG_WARN_DOCUMENTATION_COMMENTS = YES;
				CLANG_WARN_EMPTY_BODY = YES;
				CLANG_WARN_ENUM_CONVERSION = YES;
				CLANG_WARN_INFINITE_RECURSION = YES;
				CLANG_WARN_INT_CONVERSION = YES;
				CLANG_WARN_NON_LITERAL_NULL_CONVERSION = YES;
				CLANG_WARN_OBJC_IMPLICIT_RETAIN_SELF = YES;
				CLANG_WARN_OBJC_LITERAL_CONVERSION = YES;
				CLANG_WARN_OBJC_ROOT_CLASS = YES_ERROR;
				CLANG_WARN_QUOTED_INCLUDE_IN_FRAMEWORK_HEADER = YES;
				CLANG_WARN_RANGE_LOOP_ANALYSIS = YES;
				CLANG_WARN_STRICT_PROTOTYPES = YES;
				CLANG_WARN_SUSPICIOUS_MOVE = YES;
				CLANG_WARN_UNGUARDED_AVAILABILITY = YES_AGGRESSIVE;
				CLANG_WARN_UNREACHABLE_CODE = YES;
				CLANG_WARN__DUPLICATE_METHOD_MATCH = YES;
				COPY_PHASE_STRIP = NO;
				DEBUG_INFORMATION_FORMAT = "dwarf-with-dsym";
				ENABLE_NS_ASSERTIONS = NO;
				ENABLE_STRICT_OBJC_MSGSEND = YES;
				GCC_C_LANGUAGE_STANDARD = gnu11;
				GCC_NO_COMMON_BLOCKS = YES;
				GCC_WARN_64_TO_32_BIT_CONVERSION = YES;
				GCC_WARN_ABOUT_RETURN_TYPE = YES_ERROR;
				GCC_WARN_UNDECLARED_SELECTOR = YES;
				GCC_WARN_UNINITIALIZED_AUTOS = YES_AGGRESSIVE;
				GCC_WARN_UNUSED_FUNCTION = YES;
				GCC_WARN_UNUSED_VARIABLE = YES;
				IPHONEOS_DEPLOYMENT_TARGET = 14.3;
				MTL_ENABLE_DEBUG_INFO = NO;
				MTL_FAST_MATH = YES;
				SDKROOT = iphoneos;
				SWIFT_COMPILATION_MODE = wholemodule;
				SWIFT_OPTIMIZATION_LEVEL = "-O";
				VALIDATE_PRODUCT = YES;
			};
			name = Release;
		};
		5590824F25A3CB7A00F2CF62 /* Debug */ = {
			isa = XCBuildConfiguration;
			buildSettings = {
				ALWAYS_EMBED_SWIFT_STANDARD_LIBRARIES = YES;
				ASSETCATALOG_COMPILER_APPICON_NAME = AppIcon;
				ASSETCATALOG_COMPILER_GLOBAL_ACCENT_COLOR_NAME = AccentColor;
				CODE_SIGN_ENTITLEMENTS = DSNYPickup/DSNYPickup.entitlements;
				CODE_SIGN_STYLE = Automatic;
				CURRENT_PROJECT_VERSION = 5;
				DEVELOPMENT_ASSET_PATHS = "\"DSNYPickup/Preview Content\"";
				DEVELOPMENT_TEAM = 6JBM5ZNF6C;
				ENABLE_PREVIEWS = YES;
				INFOPLIST_FILE = DSNYPickup/Info.plist;
				IPHONEOS_DEPLOYMENT_TARGET = 16.1;
				LD_RUNPATH_SEARCH_PATHS = (
					"$(inherited)",
					"@executable_path/Frameworks",
				);
				MARKETING_VERSION = 1.0;
				PRODUCT_BUNDLE_IDENTIFIER = com.Swifttom.DSNYPickup;
				PRODUCT_NAME = "$(TARGET_NAME)";
				SWIFT_VERSION = 5.0;
				TARGETED_DEVICE_FAMILY = "1,2";
			};
			name = Debug;
		};
		5590825025A3CB7A00F2CF62 /* Release */ = {
			isa = XCBuildConfiguration;
			buildSettings = {
				ALWAYS_EMBED_SWIFT_STANDARD_LIBRARIES = YES;
				ASSETCATALOG_COMPILER_APPICON_NAME = AppIcon;
				ASSETCATALOG_COMPILER_GLOBAL_ACCENT_COLOR_NAME = AccentColor;
				CODE_SIGN_ENTITLEMENTS = DSNYPickup/DSNYPickup.entitlements;
				CODE_SIGN_STYLE = Automatic;
				CURRENT_PROJECT_VERSION = 5;
				DEVELOPMENT_ASSET_PATHS = "\"DSNYPickup/Preview Content\"";
				DEVELOPMENT_TEAM = 6JBM5ZNF6C;
				ENABLE_PREVIEWS = YES;
				INFOPLIST_FILE = DSNYPickup/Info.plist;
				IPHONEOS_DEPLOYMENT_TARGET = 16.1;
				LD_RUNPATH_SEARCH_PATHS = (
					"$(inherited)",
					"@executable_path/Frameworks",
				);
				MARKETING_VERSION = 1.0;
				PRODUCT_BUNDLE_IDENTIFIER = com.Swifttom.DSNYPickup;
				PRODUCT_NAME = "$(TARGET_NAME)";
				SWIFT_VERSION = 5.0;
				TARGETED_DEVICE_FAMILY = "1,2";
			};
			name = Release;
		};
/* End XCBuildConfiguration section */

/* Begin XCConfigurationList section */
		553C92AB29EC39A7003072FD /* Build configuration list for PBXNativeTarget "DSNYPickupIntents" */ = {
			isa = XCConfigurationList;
			buildConfigurations = (
				553C92A929EC39A7003072FD /* Debug */,
				553C92AA29EC39A7003072FD /* Release */,
			);
			defaultConfigurationIsVisible = 0;
			defaultConfigurationName = Release;
		};
		555AE9D929D3B41900A66411 /* Build configuration list for PBXNativeTarget "DSNYPickupWidgetExtension" */ = {
			isa = XCConfigurationList;
			buildConfigurations = (
				555AE9DA29D3B41900A66411 /* Debug */,
				555AE9DB29D3B41900A66411 /* Release */,
			);
			defaultConfigurationIsVisible = 0;
			defaultConfigurationName = Release;
		};
		5590823A25A3CB7900F2CF62 /* Build configuration list for PBXProject "DSNYPickup" */ = {
			isa = XCConfigurationList;
			buildConfigurations = (
				5590824C25A3CB7A00F2CF62 /* Debug */,
				5590824D25A3CB7A00F2CF62 /* Release */,
			);
			defaultConfigurationIsVisible = 0;
			defaultConfigurationName = Release;
		};
		5590824E25A3CB7A00F2CF62 /* Build configuration list for PBXNativeTarget "DSNYPickup" */ = {
			isa = XCConfigurationList;
			buildConfigurations = (
				5590824F25A3CB7A00F2CF62 /* Debug */,
				5590825025A3CB7A00F2CF62 /* Release */,
			);
			defaultConfigurationIsVisible = 0;
			defaultConfigurationName = Release;
		};
/* End XCConfigurationList section */

/* Begin XCRemoteSwiftPackageReference section */
		55576EA52982C97B0089861A /* XCRemoteSwiftPackageReference "SwiftSoup" */ = {
			isa = XCRemoteSwiftPackageReference;
			repositoryURL = "https://github.com/scinfu/SwiftSoup.git";
			requirement = {
				kind = upToNextMajorVersion;
				minimumVersion = 2.0.0;
			};
		};
		55576EFC298DBD890089861A /* XCRemoteSwiftPackageReference "lottie-ios" */ = {
			isa = XCRemoteSwiftPackageReference;
			repositoryURL = "https://github.com/airbnb/lottie-ios.git";
			requirement = {
				kind = upToNextMajorVersion;
				minimumVersion = 4.0.0;
			};
		};
		55F6791B29734F54003331C5 /* XCRemoteSwiftPackageReference "swift-collections" */ = {
			isa = XCRemoteSwiftPackageReference;
			repositoryURL = "https://github.com/apple/swift-collections.git";
			requirement = {
				kind = upToNextMajorVersion;
				minimumVersion = 1.0.0;
			};
		};
/* End XCRemoteSwiftPackageReference section */

/* Begin XCSwiftPackageProductDependency section */
		55576EA62982C97B0089861A /* SwiftSoup */ = {
			isa = XCSwiftPackageProductDependency;
			package = 55576EA52982C97B0089861A /* XCRemoteSwiftPackageReference "SwiftSoup" */;
			productName = SwiftSoup;
		};
		55576EFD298DBD890089861A /* Lottie */ = {
			isa = XCSwiftPackageProductDependency;
			package = 55576EFC298DBD890089861A /* XCRemoteSwiftPackageReference "lottie-ios" */;
			productName = Lottie;
		};
		555AE9E829D51ADF00A66411 /* Collections */ = {
			isa = XCSwiftPackageProductDependency;
			package = 55F6791B29734F54003331C5 /* XCRemoteSwiftPackageReference "swift-collections" */;
			productName = Collections;
		};
		55F6791C29734F54003331C5 /* Collections */ = {
			isa = XCSwiftPackageProductDependency;
			package = 55F6791B29734F54003331C5 /* XCRemoteSwiftPackageReference "swift-collections" */;
			productName = Collections;
		};
		55F6791E29734F54003331C5 /* DequeModule */ = {
			isa = XCSwiftPackageProductDependency;
			package = 55F6791B29734F54003331C5 /* XCRemoteSwiftPackageReference "swift-collections" */;
			productName = DequeModule;
		};
		55F6792029734F54003331C5 /* OrderedCollections */ = {
			isa = XCSwiftPackageProductDependency;
			package = 55F6791B29734F54003331C5 /* XCRemoteSwiftPackageReference "swift-collections" */;
			productName = OrderedCollections;
		};
/* End XCSwiftPackageProductDependency section */

/* Begin XCVersionGroup section */
		55576EB0298605E20089861A /* GarbageCollection.xcdatamodeld */ = {
			isa = XCVersionGroup;
			children = (
				55576EB1298605E20089861A /* Garbage.xcdatamodel */,
			);
			currentVersion = 55576EB1298605E20089861A /* Garbage.xcdatamodel */;
			path = GarbageCollection.xcdatamodeld;
			sourceTree = "<group>";
			versionGroupType = wrapper.xcdatamodel;
		};
/* End XCVersionGroup section */
	};
	rootObject = 5590823725A3CB7900F2CF62 /* Project object */;
}
