// !$*UTF8*$!
{
	archiveVersion = 1;
	classes = {
	};
	objectVersion = 52;
	objects = {

/* Begin PBXBuildFile section */
		5590824325A3CB7900F2CF62 /* DSNYPickupApp.swift in Sources */ = {isa = PBXBuildFile; fileRef = 5590824225A3CB7900F2CF62 /* DSNYPickupApp.swift */; };
		5590824525A3CB7900F2CF62 /* GarbagePickupDays.swift in Sources */ = {isa = PBXBuildFile; fileRef = 5590824425A3CB7900F2CF62 /* GarbagePickupDays.swift */; };
		5590824725A3CB7A00F2CF62 /* Assets.xcassets in Resources */ = {isa = PBXBuildFile; fileRef = 5590824625A3CB7A00F2CF62 /* Assets.xcassets */; };
		5590824A25A3CB7A00F2CF62 /* Preview Assets.xcassets in Resources */ = {isa = PBXBuildFile; fileRef = 5590824925A3CB7A00F2CF62 /* Preview Assets.xcassets */; };
		55B2513B2969B7BD0045364E /* SODAKit in Frameworks */ = {isa = PBXBuildFile; productRef = 55B2513A2969B7BD0045364E /* SODAKit */; };
		55B2513D2969B7D40045364E /* NetworkManager.swift in Sources */ = {isa = PBXBuildFile; fileRef = 55B2513C2969B7D40045364E /* NetworkManager.swift */; };
		55B2513F2969B8AF0045364E /* APIToken.swift in Sources */ = {isa = PBXBuildFile; fileRef = 55B2513E2969B8AF0045364E /* APIToken.swift */; };
		55F6791629722F94003331C5 /* Garbage.swift in Sources */ = {isa = PBXBuildFile; fileRef = 55F6791529722F94003331C5 /* Garbage.swift */; };
		55F67918297327CB003331C5 /* CalendarHeaderView.swift in Sources */ = {isa = PBXBuildFile; fileRef = 55F67917297327CB003331C5 /* CalendarHeaderView.swift */; };
		55F6791D29734F54003331C5 /* Collections in Frameworks */ = {isa = PBXBuildFile; productRef = 55F6791C29734F54003331C5 /* Collections */; };
		55F6791F29734F54003331C5 /* DequeModule in Frameworks */ = {isa = PBXBuildFile; productRef = 55F6791E29734F54003331C5 /* DequeModule */; };
		55F6792129734F54003331C5 /* OrderedCollections in Frameworks */ = {isa = PBXBuildFile; productRef = 55F6792029734F54003331C5 /* OrderedCollections */; };
/* End PBXBuildFile section */

/* Begin PBXFileReference section */
		5590823F25A3CB7900F2CF62 /* DSNYPickup.app */ = {isa = PBXFileReference; explicitFileType = wrapper.application; includeInIndex = 0; path = DSNYPickup.app; sourceTree = BUILT_PRODUCTS_DIR; };
		5590824225A3CB7900F2CF62 /* DSNYPickupApp.swift */ = {isa = PBXFileReference; lastKnownFileType = sourcecode.swift; path = DSNYPickupApp.swift; sourceTree = "<group>"; };
		5590824425A3CB7900F2CF62 /* GarbagePickupDays.swift */ = {isa = PBXFileReference; lastKnownFileType = sourcecode.swift; path = GarbagePickupDays.swift; sourceTree = "<group>"; };
		5590824625A3CB7A00F2CF62 /* Assets.xcassets */ = {isa = PBXFileReference; lastKnownFileType = folder.assetcatalog; path = Assets.xcassets; sourceTree = "<group>"; };
		5590824925A3CB7A00F2CF62 /* Preview Assets.xcassets */ = {isa = PBXFileReference; lastKnownFileType = folder.assetcatalog; path = "Preview Assets.xcassets"; sourceTree = "<group>"; };
		5590824B25A3CB7A00F2CF62 /* Info.plist */ = {isa = PBXFileReference; lastKnownFileType = text.plist.xml; path = Info.plist; sourceTree = "<group>"; };
		55B2513C2969B7D40045364E /* NetworkManager.swift */ = {isa = PBXFileReference; lastKnownFileType = sourcecode.swift; path = NetworkManager.swift; sourceTree = "<group>"; };
		55B2513E2969B8AF0045364E /* APIToken.swift */ = {isa = PBXFileReference; lastKnownFileType = sourcecode.swift; path = APIToken.swift; sourceTree = "<group>"; };
		55F6791529722F94003331C5 /* Garbage.swift */ = {isa = PBXFileReference; lastKnownFileType = sourcecode.swift; path = Garbage.swift; sourceTree = "<group>"; };
		55F67917297327CB003331C5 /* CalendarHeaderView.swift */ = {isa = PBXFileReference; lastKnownFileType = sourcecode.swift; path = CalendarHeaderView.swift; sourceTree = "<group>"; };
/* End PBXFileReference section */

/* Begin PBXFrameworksBuildPhase section */
		5590823C25A3CB7900F2CF62 /* Frameworks */ = {
			isa = PBXFrameworksBuildPhase;
			buildActionMask = 2147483647;
			files = (
				55F6791D29734F54003331C5 /* Collections in Frameworks */,
				55B2513B2969B7BD0045364E /* SODAKit in Frameworks */,
				55F6792129734F54003331C5 /* OrderedCollections in Frameworks */,
				55F6791F29734F54003331C5 /* DequeModule in Frameworks */,
			);
			runOnlyForDeploymentPostprocessing = 0;
		};
/* End PBXFrameworksBuildPhase section */

/* Begin PBXGroup section */
		5590823625A3CB7900F2CF62 = {
			isa = PBXGroup;
			children = (
				5590824125A3CB7900F2CF62 /* DSNYPickup */,
				5590824025A3CB7900F2CF62 /* Products */,
			);
			sourceTree = "<group>";
		};
		5590824025A3CB7900F2CF62 /* Products */ = {
			isa = PBXGroup;
			children = (
				5590823F25A3CB7900F2CF62 /* DSNYPickup.app */,
			);
			name = Products;
			sourceTree = "<group>";
		};
		5590824125A3CB7900F2CF62 /* DSNYPickup */ = {
			isa = PBXGroup;
			children = (
				5590824225A3CB7900F2CF62 /* DSNYPickupApp.swift */,
				5590824425A3CB7900F2CF62 /* GarbagePickupDays.swift */,
				55F67917297327CB003331C5 /* CalendarHeaderView.swift */,
				55B2513C2969B7D40045364E /* NetworkManager.swift */,
				55F6791529722F94003331C5 /* Garbage.swift */,
				55B2513E2969B8AF0045364E /* APIToken.swift */,
				5590824625A3CB7A00F2CF62 /* Assets.xcassets */,
				5590824B25A3CB7A00F2CF62 /* Info.plist */,
				5590824825A3CB7A00F2CF62 /* Preview Content */,
			);
			path = DSNYPickup;
			sourceTree = "<group>";
		};
		5590824825A3CB7A00F2CF62 /* Preview Content */ = {
			isa = PBXGroup;
			children = (
				5590824925A3CB7A00F2CF62 /* Preview Assets.xcassets */,
			);
			path = "Preview Content";
			sourceTree = "<group>";
		};
/* End PBXGroup section */

/* Begin PBXNativeTarget section */
		5590823E25A3CB7900F2CF62 /* DSNYPickup */ = {
			isa = PBXNativeTarget;
			buildConfigurationList = 5590824E25A3CB7A00F2CF62 /* Build configuration list for PBXNativeTarget "DSNYPickup" */;
			buildPhases = (
				5590823B25A3CB7900F2CF62 /* Sources */,
				5590823C25A3CB7900F2CF62 /* Frameworks */,
				5590823D25A3CB7900F2CF62 /* Resources */,
			);
			buildRules = (
			);
			dependencies = (
			);
			name = DSNYPickup;
			packageProductDependencies = (
				55B2513A2969B7BD0045364E /* SODAKit */,
				55F6791C29734F54003331C5 /* Collections */,
				55F6791E29734F54003331C5 /* DequeModule */,
				55F6792029734F54003331C5 /* OrderedCollections */,
			);
			productName = DSNYPickup;
			productReference = 5590823F25A3CB7900F2CF62 /* DSNYPickup.app */;
			productType = "com.apple.product-type.application";
		};
/* End PBXNativeTarget section */

/* Begin PBXProject section */
		5590823725A3CB7900F2CF62 /* Project object */ = {
			isa = PBXProject;
			attributes = {
				LastSwiftUpdateCheck = 1230;
				LastUpgradeCheck = 1230;
				TargetAttributes = {
					5590823E25A3CB7900F2CF62 = {
						CreatedOnToolsVersion = 12.3;
					};
				};
			};
			buildConfigurationList = 5590823A25A3CB7900F2CF62 /* Build configuration list for PBXProject "DSNYPickup" */;
			compatibilityVersion = "Xcode 9.3";
			developmentRegion = en;
			hasScannedForEncodings = 0;
			knownRegions = (
				en,
				Base,
			);
			mainGroup = 5590823625A3CB7900F2CF62;
			packageReferences = (
				55B251392969B7BD0045364E /* XCRemoteSwiftPackageReference "soda-swift" */,
				55F6791B29734F54003331C5 /* XCRemoteSwiftPackageReference "swift-collections" */,
			);
			productRefGroup = 5590824025A3CB7900F2CF62 /* Products */;
			projectDirPath = "";
			projectRoot = "";
			targets = (
				5590823E25A3CB7900F2CF62 /* DSNYPickup */,
			);
		};
/* End PBXProject section */

/* Begin PBXResourcesBuildPhase section */
		5590823D25A3CB7900F2CF62 /* Resources */ = {
			isa = PBXResourcesBuildPhase;
			buildActionMask = 2147483647;
			files = (
				5590824A25A3CB7A00F2CF62 /* Preview Assets.xcassets in Resources */,
				5590824725A3CB7A00F2CF62 /* Assets.xcassets in Resources */,
			);
			runOnlyForDeploymentPostprocessing = 0;
		};
/* End PBXResourcesBuildPhase section */

/* Begin PBXSourcesBuildPhase section */
		5590823B25A3CB7900F2CF62 /* Sources */ = {
			isa = PBXSourcesBuildPhase;
			buildActionMask = 2147483647;
			files = (
				55F6791629722F94003331C5 /* Garbage.swift in Sources */,
				55F67918297327CB003331C5 /* CalendarHeaderView.swift in Sources */,
				55B2513F2969B8AF0045364E /* APIToken.swift in Sources */,
				55B2513D2969B7D40045364E /* NetworkManager.swift in Sources */,
				5590824525A3CB7900F2CF62 /* GarbagePickupDays.swift in Sources */,
				5590824325A3CB7900F2CF62 /* DSNYPickupApp.swift in Sources */,
			);
			runOnlyForDeploymentPostprocessing = 0;
		};
/* End PBXSourcesBuildPhase section */

/* Begin XCBuildConfiguration section */
		5590824C25A3CB7A00F2CF62 /* Debug */ = {
			isa = XCBuildConfiguration;
			buildSettings = {
				ALWAYS_SEARCH_USER_PATHS = NO;
				CLANG_ANALYZER_NONNULL = YES;
				CLANG_ANALYZER_NUMBER_OBJECT_CONVERSION = YES_AGGRESSIVE;
				CLANG_CXX_LANGUAGE_STANDARD = "gnu++14";
				CLANG_CXX_LIBRARY = "libc++";
				CLANG_ENABLE_MODULES = YES;
				CLANG_ENABLE_OBJC_ARC = YES;
				CLANG_ENABLE_OBJC_WEAK = YES;
				CLANG_WARN_BLOCK_CAPTURE_AUTORELEASING = YES;
				CLANG_WARN_BOOL_CONVERSION = YES;
				CLANG_WARN_COMMA = YES;
				CLANG_WARN_CONSTANT_CONVERSION = YES;
				CLANG_WARN_DEPRECATED_OBJC_IMPLEMENTATIONS = YES;
				CLANG_WARN_DIRECT_OBJC_ISA_USAGE = YES_ERROR;
				CLANG_WARN_DOCUMENTATION_COMMENTS = YES;
				CLANG_WARN_EMPTY_BODY = YES;
				CLANG_WARN_ENUM_CONVERSION = YES;
				CLANG_WARN_INFINITE_RECURSION = YES;
				CLANG_WARN_INT_CONVERSION = YES;
				CLANG_WARN_NON_LITERAL_NULL_CONVERSION = YES;
				CLANG_WARN_OBJC_IMPLICIT_RETAIN_SELF = YES;
				CLANG_WARN_OBJC_LITERAL_CONVERSION = YES;
				CLANG_WARN_OBJC_ROOT_CLASS = YES_ERROR;
				CLANG_WARN_QUOTED_INCLUDE_IN_FRAMEWORK_HEADER = YES;
				CLANG_WARN_RANGE_LOOP_ANALYSIS = YES;
				CLANG_WARN_STRICT_PROTOTYPES = YES;
				CLANG_WARN_SUSPICIOUS_MOVE = YES;
				CLANG_WARN_UNGUARDED_AVAILABILITY = YES_AGGRESSIVE;
				CLANG_WARN_UNREACHABLE_CODE = YES;
				CLANG_WARN__DUPLICATE_METHOD_MATCH = YES;
				COPY_PHASE_STRIP = NO;
				DEBUG_INFORMATION_FORMAT = dwarf;
				ENABLE_STRICT_OBJC_MSGSEND = YES;
				ENABLE_TESTABILITY = YES;
				GCC_C_LANGUAGE_STANDARD = gnu11;
				GCC_DYNAMIC_NO_PIC = NO;
				GCC_NO_COMMON_BLOCKS = YES;
				GCC_OPTIMIZATION_LEVEL = 0;
				GCC_PREPROCESSOR_DEFINITIONS = (
					"DEBUG=1",
					"$(inherited)",
				);
				GCC_WARN_64_TO_32_BIT_CONVERSION = YES;
				GCC_WARN_ABOUT_RETURN_TYPE = YES_ERROR;
				GCC_WARN_UNDECLARED_SELECTOR = YES;
				GCC_WARN_UNINITIALIZED_AUTOS = YES_AGGRESSIVE;
				GCC_WARN_UNUSED_FUNCTION = YES;
				GCC_WARN_UNUSED_VARIABLE = YES;
				IPHONEOS_DEPLOYMENT_TARGET = 14.3;
				MTL_ENABLE_DEBUG_INFO = INCLUDE_SOURCE;
				MTL_FAST_MATH = YES;
				ONLY_ACTIVE_ARCH = YES;
				SDKROOT = iphoneos;
				SWIFT_ACTIVE_COMPILATION_CONDITIONS = DEBUG;
				SWIFT_OPTIMIZATION_LEVEL = "-Onone";
			};
			name = Debug;
		};
		5590824D25A3CB7A00F2CF62 /* Release */ = {
			isa = XCBuildConfiguration;
			buildSettings = {
				ALWAYS_SEARCH_USER_PATHS = NO;
				CLANG_ANALYZER_NONNULL = YES;
				CLANG_ANALYZER_NUMBER_OBJECT_CONVERSION = YES_AGGRESSIVE;
				CLANG_CXX_LANGUAGE_STANDARD = "gnu++14";
				CLANG_CXX_LIBRARY = "libc++";
				CLANG_ENABLE_MODULES = YES;
				CLANG_ENABLE_OBJC_ARC = YES;
				CLANG_ENABLE_OBJC_WEAK = YES;
				CLANG_WARN_BLOCK_CAPTURE_AUTORELEASING = YES;
				CLANG_WARN_BOOL_CONVERSION = YES;
				CLANG_WARN_COMMA = YES;
				CLANG_WARN_CONSTANT_CONVERSION = YES;
				CLANG_WARN_DEPRECATED_OBJC_IMPLEMENTATIONS = YES;
				CLANG_WARN_DIRECT_OBJC_ISA_USAGE = YES_ERROR;
				CLANG_WARN_DOCUMENTATION_COMMENTS = YES;
				CLANG_WARN_EMPTY_BODY = YES;
				CLANG_WARN_ENUM_CONVERSION = YES;
				CLANG_WARN_INFINITE_RECURSION = YES;
				CLANG_WARN_INT_CONVERSION = YES;
				CLANG_WARN_NON_LITERAL_NULL_CONVERSION = YES;
				CLANG_WARN_OBJC_IMPLICIT_RETAIN_SELF = YES;
				CLANG_WARN_OBJC_LITERAL_CONVERSION = YES;
				CLANG_WARN_OBJC_ROOT_CLASS = YES_ERROR;
				CLANG_WARN_QUOTED_INCLUDE_IN_FRAMEWORK_HEADER = YES;
				CLANG_WARN_RANGE_LOOP_ANALYSIS = YES;
				CLANG_WARN_STRICT_PROTOTYPES = YES;
				CLANG_WARN_SUSPICIOUS_MOVE = YES;
				CLANG_WARN_UNGUARDED_AVAILABILITY = YES_AGGRESSIVE;
				CLANG_WARN_UNREACHABLE_CODE = YES;
				CLANG_WARN__DUPLICATE_METHOD_MATCH = YES;
				COPY_PHASE_STRIP = NO;
				DEBUG_INFORMATION_FORMAT = "dwarf-with-dsym";
				ENABLE_NS_ASSERTIONS = NO;
				ENABLE_STRICT_OBJC_MSGSEND = YES;
				GCC_C_LANGUAGE_STANDARD = gnu11;
				GCC_NO_COMMON_BLOCKS = YES;
				GCC_WARN_64_TO_32_BIT_CONVERSION = YES;
				GCC_WARN_ABOUT_RETURN_TYPE = YES_ERROR;
				GCC_WARN_UNDECLARED_SELECTOR = YES;
				GCC_WARN_UNINITIALIZED_AUTOS = YES_AGGRESSIVE;
				GCC_WARN_UNUSED_FUNCTION = YES;
				GCC_WARN_UNUSED_VARIABLE = YES;
				IPHONEOS_DEPLOYMENT_TARGET = 14.3;
				MTL_ENABLE_DEBUG_INFO = NO;
				MTL_FAST_MATH = YES;
				SDKROOT = iphoneos;
				SWIFT_COMPILATION_MODE = wholemodule;
				SWIFT_OPTIMIZATION_LEVEL = "-O";
				VALIDATE_PRODUCT = YES;
			};
			name = Release;
		};
		5590824F25A3CB7A00F2CF62 /* Debug */ = {
			isa = XCBuildConfiguration;
			buildSettings = {
				ASSETCATALOG_COMPILER_APPICON_NAME = AppIcon;
				ASSETCATALOG_COMPILER_GLOBAL_ACCENT_COLOR_NAME = AccentColor;
				CODE_SIGN_STYLE = Automatic;
				DEVELOPMENT_ASSET_PATHS = "\"DSNYPickup/Preview Content\"";
				ENABLE_PREVIEWS = YES;
				INFOPLIST_FILE = DSNYPickup/Info.plist;
				IPHONEOS_DEPLOYMENT_TARGET = 16.1;
				LD_RUNPATH_SEARCH_PATHS = (
					"$(inherited)",
					"@executable_path/Frameworks",
				);
				PRODUCT_BUNDLE_IDENTIFIER = com.Swifttom.DSNYPickup;
				PRODUCT_NAME = "$(TARGET_NAME)";
				SWIFT_VERSION = 5.0;
				TARGETED_DEVICE_FAMILY = "1,2";
			};
			name = Debug;
		};
		5590825025A3CB7A00F2CF62 /* Release */ = {
			isa = XCBuildConfiguration;
			buildSettings = {
				ASSETCATALOG_COMPILER_APPICON_NAME = AppIcon;
				ASSETCATALOG_COMPILER_GLOBAL_ACCENT_COLOR_NAME = AccentColor;
				CODE_SIGN_STYLE = Automatic;
				DEVELOPMENT_ASSET_PATHS = "\"DSNYPickup/Preview Content\"";
				ENABLE_PREVIEWS = YES;
				INFOPLIST_FILE = DSNYPickup/Info.plist;
				IPHONEOS_DEPLOYMENT_TARGET = 16.1;
				LD_RUNPATH_SEARCH_PATHS = (
					"$(inherited)",
					"@executable_path/Frameworks",
				);
				PRODUCT_BUNDLE_IDENTIFIER = com.Swifttom.DSNYPickup;
				PRODUCT_NAME = "$(TARGET_NAME)";
				SWIFT_VERSION = 5.0;
				TARGETED_DEVICE_FAMILY = "1,2";
			};
			name = Release;
		};
/* End XCBuildConfiguration section */

/* Begin XCConfigurationList section */
		5590823A25A3CB7900F2CF62 /* Build configuration list for PBXProject "DSNYPickup" */ = {
			isa = XCConfigurationList;
			buildConfigurations = (
				5590824C25A3CB7A00F2CF62 /* Debug */,
				5590824D25A3CB7A00F2CF62 /* Release */,
			);
			defaultConfigurationIsVisible = 0;
			defaultConfigurationName = Release;
		};
		5590824E25A3CB7A00F2CF62 /* Build configuration list for PBXNativeTarget "DSNYPickup" */ = {
			isa = XCConfigurationList;
			buildConfigurations = (
				5590824F25A3CB7A00F2CF62 /* Debug */,
				5590825025A3CB7A00F2CF62 /* Release */,
			);
			defaultConfigurationIsVisible = 0;
			defaultConfigurationName = Release;
		};
/* End XCConfigurationList section */

/* Begin XCRemoteSwiftPackageReference section */
		55B251392969B7BD0045364E /* XCRemoteSwiftPackageReference "soda-swift" */ = {
			isa = XCRemoteSwiftPackageReference;
			repositoryURL = "https://github.com/socrata/soda-swift";
			requirement = {
				branch = main;
				kind = branch;
			};
		};
		55F6791B29734F54003331C5 /* XCRemoteSwiftPackageReference "swift-collections" */ = {
			isa = XCRemoteSwiftPackageReference;
			repositoryURL = "https://github.com/apple/swift-collections.git";
			requirement = {
				kind = upToNextMajorVersion;
				minimumVersion = 1.0.0;
			};
		};
/* End XCRemoteSwiftPackageReference section */

/* Begin XCSwiftPackageProductDependency section */
		55B2513A2969B7BD0045364E /* SODAKit */ = {
			isa = XCSwiftPackageProductDependency;
			package = 55B251392969B7BD0045364E /* XCRemoteSwiftPackageReference "soda-swift" */;
			productName = SODAKit;
		};
		55F6791C29734F54003331C5 /* Collections */ = {
			isa = XCSwiftPackageProductDependency;
			package = 55F6791B29734F54003331C5 /* XCRemoteSwiftPackageReference "swift-collections" */;
			productName = Collections;
		};
		55F6791E29734F54003331C5 /* DequeModule */ = {
			isa = XCSwiftPackageProductDependency;
			package = 55F6791B29734F54003331C5 /* XCRemoteSwiftPackageReference "swift-collections" */;
			productName = DequeModule;
		};
		55F6792029734F54003331C5 /* OrderedCollections */ = {
			isa = XCSwiftPackageProductDependency;
			package = 55F6791B29734F54003331C5 /* XCRemoteSwiftPackageReference "swift-collections" */;
			productName = OrderedCollections;
		};
/* End XCSwiftPackageProductDependency section */
	};
	rootObject = 5590823725A3CB7900F2CF62 /* Project object */;
}
