// !$*UTF8*$!
{
	archiveVersion = 1;
	classes = {
	};
	objectVersion = 60;
	objects = {

/* Begin PBXBuildFile section */
		22FD8CB09F5988316252875E /* ScreenshotMode.swift in Sources */ = {isa = PBXBuildFile; fileRef = 18ECB32EE5B43DB501FC7C2C /* ScreenshotMode.swift */; };
		C7AA75354B05F0FF43E8CDD4 /* DetailRow.swift in Sources */ = {isa = PBXBuildFile; fileRef = 28C1495BA3030E0B221E8425 /* DetailRow.swift */; };
		068BDD85DAB4D6367E0B0F83 /* NextPickupControl.swift in Sources */ = {isa = PBXBuildFile; fileRef = 017314017309B65595CF3358 /* NextPickupControl.swift */; };
		0D9149A0B0653BBB86D4AE1E /* SetRemindersIntent.swift in Sources */ = {isa = PBXBuildFile; fileRef = B4D7E75D8586F7926CFB9DD1 /* SetRemindersIntent.swift */; };
		14B0D9F3285ECCBE62DCEA25 /* AppNavigator.swift in Sources */ = {isa = PBXBuildFile; fileRef = 6D209E21CE3B51E7D4EA1B8F /* AppNavigator.swift */; };
		21BAE7D20815C587772D040B /* PickupProvider.swift in Sources */ = {isa = PBXBuildFile; fileRef = A3D588DE3322037637BCB3AA /* PickupProvider.swift */; };
		2BE9C185DC299CBDE4A0DA8C /* PurchaseManager.swift in Sources */ = {isa = PBXBuildFile; fileRef = 67948E3D0A70AFD089E4325B /* PurchaseManager.swift */; };
		313278594DC3F873094AC777 /* ProPaywallView.swift in Sources */ = {isa = PBXBuildFile; fileRef = 7A9181AA6CBBB28DB4DC206F /* ProPaywallView.swift */; };
		35D42E2A8C988D9CACA66D92 /* AllAddressesWidget.swift in Sources */ = {isa = PBXBuildFile; fileRef = 84FD25090D6FCF44C12F89B4 /* AllAddressesWidget.swift */; };
		361D8313BF516213CB908515 /* DSNYPickupShortcuts.swift in Sources */ = {isa = PBXBuildFile; fileRef = 27EDD6A61279160E79740DA2 /* DSNYPickupShortcuts.swift */; };
		55576EB2298605E20089861A /* GarbageCollection.xcdatamodeld in Sources */ = {isa = PBXBuildFile; fileRef = 55576EB0298605E20089861A /* GarbageCollection.xcdatamodeld */; };
		555AE9C829D3B41700A66411 /* WidgetKit.framework in Frameworks */ = {isa = PBXBuildFile; fileRef = 555AE9C729D3B41700A66411 /* WidgetKit.framework */; };
		555AE9CA29D3B41700A66411 /* SwiftUI.framework in Frameworks */ = {isa = PBXBuildFile; fileRef = 555AE9C929D3B41700A66411 /* SwiftUI.framework */; };
		555AE9CD29D3B41700A66411 /* DSNYPickupWidgetBundle.swift in Sources */ = {isa = PBXBuildFile; fileRef = 555AE9CC29D3B41700A66411 /* DSNYPickupWidgetBundle.swift */; };
		555AE9CF29D3B41700A66411 /* NextPickupWidget.swift in Sources */ = {isa = PBXBuildFile; fileRef = 555AE9CE29D3B41700A66411 /* NextPickupWidget.swift */; };
		555AE9D229D3B41900A66411 /* Assets.xcassets in Resources */ = {isa = PBXBuildFile; fileRef = 555AE9D129D3B41900A66411 /* Assets.xcassets */; };
		555AE9E329D3DB7700A66411 /* GarbageCollection.xcdatamodeld in Sources */ = {isa = PBXBuildFile; fileRef = 55576EB0298605E20089861A /* GarbageCollection.xcdatamodeld */; };
		5590824325A3CB7900F2CF62 /* DSNYPickupApp.swift in Sources */ = {isa = PBXBuildFile; fileRef = 5590824225A3CB7900F2CF62 /* DSNYPickupApp.swift */; };
		5590824725A3CB7A00F2CF62 /* Assets.xcassets in Resources */ = {isa = PBXBuildFile; fileRef = 5590824625A3CB7A00F2CF62 /* Assets.xcassets */; };
		5590824A25A3CB7A00F2CF62 /* Preview Assets.xcassets in Resources */ = {isa = PBXBuildFile; fileRef = 5590824925A3CB7A00F2CF62 /* Preview Assets.xcassets */; };
		55F463B8306DFC2B00D30A25 /* DSNYKit in Frameworks */ = {isa = PBXBuildFile; productRef = 55F463B7306DFC2B00D30A25 /* DSNYKit */; };
		55F463BA306DFC4600D30A25 /* DSNYKit in Frameworks */ = {isa = PBXBuildFile; productRef = 55F463B9306DFC4600D30A25 /* DSNYKit */; };
		55F463BD306DFCE700D30A25 /* AppServices.swift in Sources */ = {isa = PBXBuildFile; fileRef = 55F463BC306DFCE700D30A25 /* AppServices.swift */; };
		55F463BF306DFCF500D30A25 /* AddressStore.swift in Sources */ = {isa = PBXBuildFile; fileRef = 55F463BE306DFCF500D30A25 /* AddressStore.swift */; };
		55F463C1306DFD0100D30A25 /* LegacyCoreDataImporter.swift in Sources */ = {isa = PBXBuildFile; fileRef = 55F463C0306DFD0100D30A25 /* LegacyCoreDataImporter.swift */; };
		55F463C3306DFD1300D30A25 /* RootView.swift in Sources */ = {isa = PBXBuildFile; fileRef = 55F463C2306DFD1300D30A25 /* RootView.swift */; };
		55F463C5306DFD1500D30A25 /* PreviewSupport.swift in Sources */ = {isa = PBXBuildFile; fileRef = 55F463C4306DFD1500D30A25 /* PreviewSupport.swift */; };
		55F463C8306DFD1B00D30A25 /* LocationProvider.swift in Sources */ = {isa = PBXBuildFile; fileRef = 55F463C7306DFD1B00D30A25 /* LocationProvider.swift */; };
		55F463CA306DFD2100D30A25 /* AddressCompleter.swift in Sources */ = {isa = PBXBuildFile; fileRef = 55F463C9306DFD2100D30A25 /* AddressCompleter.swift */; };
		55F463CD306DFD2800D30A25 /* ErrorStateView.swift in Sources */ = {isa = PBXBuildFile; fileRef = 55F463CC306DFD2800D30A25 /* ErrorStateView.swift */; };
		55F463CF306DFD3000D30A25 /* NextPickupCard.swift in Sources */ = {isa = PBXBuildFile; fileRef = 55F463CE306DFD3000D30A25 /* NextPickupCard.swift */; };
		55F463D3306DFD6400D30A25 /* HomeView.swift in Sources */ = {isa = PBXBuildFile; fileRef = 55F463D2306DFD6400D30A25 /* HomeView.swift */; };
		55F463D6306DFD7300D30A25 /* AddAddressView.swift in Sources */ = {isa = PBXBuildFile; fileRef = 55F463D5306DFD7300D30A25 /* AddAddressView.swift */; };
		55F463D8306DFD7700D30A25 /* StreamScheduleRow.swift in Sources */ = {isa = PBXBuildFile; fileRef = 55F463D7306DFD7700D30A25 /* StreamScheduleRow.swift */; };
		55F463DB306DFD8700D30A25 /* AddressDetailView.swift in Sources */ = {isa = PBXBuildFile; fileRef = 55F463DA306DFD8700D30A25 /* AddressDetailView.swift */; };
		55F463DD306DFD9000D30A25 /* ReminderSettingsSection.swift in Sources */ = {isa = PBXBuildFile; fileRef = 55F463DC306DFD9000D30A25 /* ReminderSettingsSection.swift */; };
		55F463E0306DFD9F00D30A25 /* GetRidOfView.swift in Sources */ = {isa = PBXBuildFile; fileRef = 55F463DF306DFD9F00D30A25 /* GetRidOfView.swift */; };
		55F463E2306DFDA900D30A25 /* DisposalDetailView.swift in Sources */ = {isa = PBXBuildFile; fileRef = 55F463E1306DFDA900D30A25 /* DisposalDetailView.swift */; };
		55F463E5306DFDC400D30A25 /* DropOffsView.swift in Sources */ = {isa = PBXBuildFile; fileRef = 55F463E4306DFDC400D30A25 /* DropOffsView.swift */; };
		55F463E8306DFE2400D30A25 /* MoreView.swift in Sources */ = {isa = PBXBuildFile; fileRef = 55F463E7306DFE2400D30A25 /* MoreView.swift */; };
		55F463EA306DFE2C00D30A25 /* CollectionRulesView.swift in Sources */ = {isa = PBXBuildFile; fileRef = 55F463E9306DFE2C00D30A25 /* CollectionRulesView.swift */; };
		5B7BCAA1A342FCF0E90A9A51 /* DSNYPickupWidgetExtension.appex in Embed Foundation Extensions */ = {isa = PBXBuildFile; fileRef = 555AE9C529D3B41700A66411 /* DSNYPickupWidgetExtension.appex */; settings = {ATTRIBUTES = (RemoveHeadersOnCopy, ); }; };
		600BB469313555684D7D947C /* WeekWidget.swift in Sources */ = {isa = PBXBuildFile; fileRef = 8AA92C27163F3D21DD391450 /* WeekWidget.swift */; };
		E2E48865591BEDFC1DA25E61 /* CountdownWidget.swift in Sources */ = {isa = PBXBuildFile; fileRef = A0C22B55D2AEE9D601912AF0 /* CountdownWidget.swift */; };
		EDEA3D6793BEC71A5BFEDE31 /* WidgetComponents.swift in Sources */ = {isa = PBXBuildFile; fileRef = 118895795D30568F4C51929B /* WidgetComponents.swift */; };
/* End PBXBuildFile section */

/* Begin PBXContainerItemProxy section */
		555AE9D629D3B41900A66411 /* PBXContainerItemProxy */ = {
			isa = PBXContainerItemProxy;
			containerPortal = 5590823725A3CB7900F2CF62 /* Project object */;
			proxyType = 1;
			remoteGlobalIDString = 555AE9C429D3B41700A66411;
			remoteInfo = DSNYPickupWidgetExtension;
		};
/* End PBXContainerItemProxy section */

/* Begin PBXCopyFilesBuildPhase section */
		555AE9DC29D3B41900A66411 /* Embed Foundation Extensions */ = {
			isa = PBXCopyFilesBuildPhase;
			buildActionMask = 2147483647;
			dstPath = "";
			dstSubfolderSpec = 13;
			files = (
				5B7BCAA1A342FCF0E90A9A51 /* DSNYPickupWidgetExtension.appex in Embed Foundation Extensions */,
			);
			name = "Embed Foundation Extensions";
			runOnlyForDeploymentPostprocessing = 0;
		};
/* End PBXCopyFilesBuildPhase section */

/* Begin PBXFileReference section */
		18ECB32EE5B43DB501FC7C2C /* ScreenshotMode.swift */ = {isa = PBXFileReference; lastKnownFileType = sourcecode.swift; path = ScreenshotMode.swift; sourceTree = "<group>"; };
		28C1495BA3030E0B221E8425 /* DetailRow.swift */ = {isa = PBXFileReference; lastKnownFileType = sourcecode.swift; path = DetailRow.swift; sourceTree = "<group>"; };
		3908F4DDDEB02CAD6E11FFC3 /* Shared.xcconfig */ = {isa = PBXFileReference; lastKnownFileType = text.xcconfig; path = Shared.xcconfig; sourceTree = "<group>"; };
		017314017309B65595CF3358 /* NextPickupControl.swift */ = {isa = PBXFileReference; lastKnownFileType = sourcecode.swift; path = NextPickupControl.swift; sourceTree = "<group>"; };
		118895795D30568F4C51929B /* WidgetComponents.swift */ = {isa = PBXFileReference; lastKnownFileType = sourcecode.swift; path = WidgetComponents.swift; sourceTree = "<group>"; };
		27EDD6A61279160E79740DA2 /* DSNYPickupShortcuts.swift */ = {isa = PBXFileReference; lastKnownFileType = sourcecode.swift; path = DSNYPickupShortcuts.swift; sourceTree = "<group>"; };
		553C92A029EC39A7003072FD /* Intents.framework */ = {isa = PBXFileReference; lastKnownFileType = wrapper.framework; name = Intents.framework; path = System/Library/Frameworks/Intents.framework; sourceTree = SDKROOT; };
		55576EB1298605E20089861A /* Garbage.xcdatamodel */ = {isa = PBXFileReference; lastKnownFileType = wrapper.xcdatamodel; path = Garbage.xcdatamodel; sourceTree = "<group>"; };
		555AE9C529D3B41700A66411 /* DSNYPickupWidgetExtension.appex */ = {isa = PBXFileReference; explicitFileType = "wrapper.app-extension"; includeInIndex = 0; path = DSNYPickupWidgetExtension.appex; sourceTree = BUILT_PRODUCTS_DIR; };
		555AE9C729D3B41700A66411 /* WidgetKit.framework */ = {isa = PBXFileReference; lastKnownFileType = wrapper.framework; name = WidgetKit.framework; path = System/Library/Frameworks/WidgetKit.framework; sourceTree = SDKROOT; };
		555AE9C929D3B41700A66411 /* SwiftUI.framework */ = {isa = PBXFileReference; lastKnownFileType = wrapper.framework; name = SwiftUI.framework; path = System/Library/Frameworks/SwiftUI.framework; sourceTree = SDKROOT; };
		555AE9CC29D3B41700A66411 /* DSNYPickupWidgetBundle.swift */ = {isa = PBXFileReference; lastKnownFileType = sourcecode.swift; path = DSNYPickupWidgetBundle.swift; sourceTree = "<group>"; };
		555AE9CE29D3B41700A66411 /* NextPickupWidget.swift */ = {isa = PBXFileReference; lastKnownFileType = sourcecode.swift; path = NextPickupWidget.swift; sourceTree = "<group>"; };
		555AE9D129D3B41900A66411 /* Assets.xcassets */ = {isa = PBXFileReference; lastKnownFileType = folder.assetcatalog; path = Assets.xcassets; sourceTree = "<group>"; };
		555AE9D329D3B41900A66411 /* Info.plist */ = {isa = PBXFileReference; lastKnownFileType = text.plist.xml; path = Info.plist; sourceTree = "<group>"; };
		555AE9DF29D3D77900A66411 /* DSNYPickup.entitlements */ = {isa = PBXFileReference; lastKnownFileType = text.plist.entitlements; path = DSNYPickup.entitlements; sourceTree = "<group>"; };
		555AE9E429D5165400A66411 /* DSNYPickupWidgetExtension.entitlements */ = {isa = PBXFileReference; lastKnownFileType = text.plist.entitlements; path = DSNYPickupWidgetExtension.entitlements; sourceTree = "<group>"; };
		5590823F25A3CB7900F2CF62 /* DSNYPickup.app */ = {isa = PBXFileReference; explicitFileType = wrapper.application; includeInIndex = 0; path = DSNYPickup.app; sourceTree = BUILT_PRODUCTS_DIR; };
		5590824225A3CB7900F2CF62 /* DSNYPickupApp.swift */ = {isa = PBXFileReference; lastKnownFileType = sourcecode.swift; path = DSNYPickupApp.swift; sourceTree = "<group>"; };
		5590824625A3CB7A00F2CF62 /* Assets.xcassets */ = {isa = PBXFileReference; lastKnownFileType = folder.assetcatalog; path = Assets.xcassets; sourceTree = "<group>"; };
		5590824925A3CB7A00F2CF62 /* Preview Assets.xcassets */ = {isa = PBXFileReference; lastKnownFileType = folder.assetcatalog; path = "Preview Assets.xcassets"; sourceTree = "<group>"; };
		5590824B25A3CB7A00F2CF62 /* Info.plist */ = {isa = PBXFileReference; lastKnownFileType = text.plist.xml; path = Info.plist; sourceTree = "<group>"; };
		55B96B3C2A0A6DA2008D715E /* README.md */ = {isa = PBXFileReference; lastKnownFileType = net.daringfireball.markdown; path = README.md; sourceTree = "<group>"; };
		55F463BC306DFCE700D30A25 /* AppServices.swift */ = {isa = PBXFileReference; lastKnownFileType = sourcecode.swift; path = AppServices.swift; sourceTree = "<group>"; };
		55F463BE306DFCF500D30A25 /* AddressStore.swift */ = {isa = PBXFileReference; lastKnownFileType = sourcecode.swift; path = AddressStore.swift; sourceTree = "<group>"; };
		55F463C0306DFD0100D30A25 /* LegacyCoreDataImporter.swift */ = {isa = PBXFileReference; lastKnownFileType = sourcecode.swift; path = LegacyCoreDataImporter.swift; sourceTree = "<group>"; };
		55F463C2306DFD1300D30A25 /* RootView.swift */ = {isa = PBXFileReference; lastKnownFileType = sourcecode.swift; path = RootView.swift; sourceTree = "<group>"; };
		55F463C4306DFD1500D30A25 /* PreviewSupport.swift */ = {isa = PBXFileReference; lastKnownFileType = sourcecode.swift; path = PreviewSupport.swift; sourceTree = "<group>"; };
		55F463C7306DFD1B00D30A25 /* LocationProvider.swift */ = {isa = PBXFileReference; lastKnownFileType = sourcecode.swift; path = LocationProvider.swift; sourceTree = "<group>"; };
		55F463C9306DFD2100D30A25 /* AddressCompleter.swift */ = {isa = PBXFileReference; lastKnownFileType = sourcecode.swift; path = AddressCompleter.swift; sourceTree = "<group>"; };
		55F463CC306DFD2800D30A25 /* ErrorStateView.swift */ = {isa = PBXFileReference; lastKnownFileType = sourcecode.swift; path = ErrorStateView.swift; sourceTree = "<group>"; };
		55F463CE306DFD3000D30A25 /* NextPickupCard.swift */ = {isa = PBXFileReference; lastKnownFileType = sourcecode.swift; path = NextPickupCard.swift; sourceTree = "<group>"; };
		55F463D2306DFD6400D30A25 /* HomeView.swift */ = {isa = PBXFileReference; lastKnownFileType = sourcecode.swift; path = HomeView.swift; sourceTree = "<group>"; };
		55F463D5306DFD7300D30A25 /* AddAddressView.swift */ = {isa = PBXFileReference; lastKnownFileType = sourcecode.swift; path = AddAddressView.swift; sourceTree = "<group>"; };
		55F463D7306DFD7700D30A25 /* StreamScheduleRow.swift */ = {isa = PBXFileReference; lastKnownFileType = sourcecode.swift; path = StreamScheduleRow.swift; sourceTree = "<group>"; };
		55F463DA306DFD8700D30A25 /* AddressDetailView.swift */ = {isa = PBXFileReference; lastKnownFileType = sourcecode.swift; path = AddressDetailView.swift; sourceTree = "<group>"; };
		55F463DC306DFD9000D30A25 /* ReminderSettingsSection.swift */ = {isa = PBXFileReference; lastKnownFileType = sourcecode.swift; path = ReminderSettingsSection.swift; sourceTree = "<group>"; };
		55F463DF306DFD9F00D30A25 /* GetRidOfView.swift */ = {isa = PBXFileReference; lastKnownFileType = sourcecode.swift; path = GetRidOfView.swift; sourceTree = "<group>"; };
		55F463E1306DFDA900D30A25 /* DisposalDetailView.swift */ = {isa = PBXFileReference; lastKnownFileType = sourcecode.swift; path = DisposalDetailView.swift; sourceTree = "<group>"; };
		55F463E4306DFDC400D30A25 /* DropOffsView.swift */ = {isa = PBXFileReference; lastKnownFileType = sourcecode.swift; path = DropOffsView.swift; sourceTree = "<group>"; };
		55F463E7306DFE2400D30A25 /* MoreView.swift */ = {isa = PBXFileReference; lastKnownFileType = sourcecode.swift; path = MoreView.swift; sourceTree = "<group>"; };
		55F463E9306DFE2C00D30A25 /* CollectionRulesView.swift */ = {isa = PBXFileReference; lastKnownFileType = sourcecode.swift; path = CollectionRulesView.swift; sourceTree = "<group>"; };
		67948E3D0A70AFD089E4325B /* PurchaseManager.swift */ = {isa = PBXFileReference; lastKnownFileType = sourcecode.swift; path = PurchaseManager.swift; sourceTree = "<group>"; };
		6D209E21CE3B51E7D4EA1B8F /* AppNavigator.swift */ = {isa = PBXFileReference; lastKnownFileType = sourcecode.swift; path = AppNavigator.swift; sourceTree = "<group>"; };
		7A9181AA6CBBB28DB4DC206F /* ProPaywallView.swift */ = {isa = PBXFileReference; lastKnownFileType = sourcecode.swift; path = ProPaywallView.swift; sourceTree = "<group>"; };
		84FD25090D6FCF44C12F89B4 /* AllAddressesWidget.swift */ = {isa = PBXFileReference; lastKnownFileType = sourcecode.swift; path = AllAddressesWidget.swift; sourceTree = "<group>"; };
		8AA92C27163F3D21DD391450 /* WeekWidget.swift */ = {isa = PBXFileReference; lastKnownFileType = sourcecode.swift; path = WeekWidget.swift; sourceTree = "<group>"; };
		A0C22B55D2AEE9D601912AF0 /* CountdownWidget.swift */ = {isa = PBXFileReference; lastKnownFileType = sourcecode.swift; path = CountdownWidget.swift; sourceTree = "<group>"; };
		A3D588DE3322037637BCB3AA /* PickupProvider.swift */ = {isa = PBXFileReference; lastKnownFileType = sourcecode.swift; path = PickupProvider.swift; sourceTree = "<group>"; };
		B4D7E75D8586F7926CFB9DD1 /* SetRemindersIntent.swift */ = {isa = PBXFileReference; lastKnownFileType = sourcecode.swift; path = SetRemindersIntent.swift; sourceTree = "<group>"; };
		ECEE05D45207F12FF70B5483 /* Products.storekit */ = {isa = PBXFileReference; lastKnownFileType = text; path = Products.storekit; sourceTree = "<group>"; };
/* End PBXFileReference section */

/* Begin PBXFrameworksBuildPhase section */
		555AE9C229D3B41700A66411 /* Frameworks */ = {
			isa = PBXFrameworksBuildPhase;
			buildActionMask = 2147483647;
			files = (
				55F463BA306DFC4600D30A25 /* DSNYKit in Frameworks */,
				555AE9CA29D3B41700A66411 /* SwiftUI.framework in Frameworks */,
				555AE9C829D3B41700A66411 /* WidgetKit.framework in Frameworks */,
			);
			runOnlyForDeploymentPostprocessing = 0;
		};
		5590823C25A3CB7900F2CF62 /* Frameworks */ = {
			isa = PBXFrameworksBuildPhase;
			buildActionMask = 2147483647;
			files = (
				55F463B8306DFC2B00D30A25 /* DSNYKit in Frameworks */,
			);
			runOnlyForDeploymentPostprocessing = 0;
		};
/* End PBXFrameworksBuildPhase section */

/* Begin PBXGroup section */
		1E1A1A81FE2CD26829D26EBE /* Config */ = {
			isa = PBXGroup;
			children = (
				3908F4DDDEB02CAD6E11FFC3 /* Shared.xcconfig */,
			);
			path = Config;
			sourceTree = "<group>";
		};
		0243BD477299C8EDD231E79B /* Store */ = {
			isa = PBXGroup;
			children = (
				ECEE05D45207F12FF70B5483 /* Products.storekit */,
				7A9181AA6CBBB28DB4DC206F /* ProPaywallView.swift */,
				67948E3D0A70AFD089E4325B /* PurchaseManager.swift */,
			);
			path = Store;
			sourceTree = "<group>";
		};
		555AE9C629D3B41700A66411 /* Frameworks */ = {
			isa = PBXGroup;
			children = (
				555AE9C729D3B41700A66411 /* WidgetKit.framework */,
				555AE9C929D3B41700A66411 /* SwiftUI.framework */,
				553C92A029EC39A7003072FD /* Intents.framework */,
			);
			name = Frameworks;
			sourceTree = "<group>";
		};
		555AE9CB29D3B41700A66411 /* DSNYPickupWidget */ = {
			isa = PBXGroup;
			children = (
				017314017309B65595CF3358 /* NextPickupControl.swift */,
				A0C22B55D2AEE9D601912AF0 /* CountdownWidget.swift */,
				84FD25090D6FCF44C12F89B4 /* AllAddressesWidget.swift */,
				8AA92C27163F3D21DD391450 /* WeekWidget.swift */,
				118895795D30568F4C51929B /* WidgetComponents.swift */,
				A3D588DE3322037637BCB3AA /* PickupProvider.swift */,
				555AE9CC29D3B41700A66411 /* DSNYPickupWidgetBundle.swift */,
				555AE9CE29D3B41700A66411 /* NextPickupWidget.swift */,
				555AE9D129D3B41900A66411 /* Assets.xcassets */,
				555AE9D329D3B41900A66411 /* Info.plist */,
			);
			path = DSNYPickupWidget;
			sourceTree = "<group>";
		};
		5590823625A3CB7900F2CF62 = {
			isa = PBXGroup;
			children = (
				55B96B3C2A0A6DA2008D715E /* README.md */,
				1E1A1A81FE2CD26829D26EBE /* Config */,
				555AE9E429D5165400A66411 /* DSNYPickupWidgetExtension.entitlements */,
				5590824125A3CB7900F2CF62 /* DSNYPickup */,
				555AE9CB29D3B41700A66411 /* DSNYPickupWidget */,
				555AE9C629D3B41700A66411 /* Frameworks */,
				5590824025A3CB7900F2CF62 /* Products */,
			);
			sourceTree = "<group>";
		};
		5590824025A3CB7900F2CF62 /* Products */ = {
			isa = PBXGroup;
			children = (
				5590823F25A3CB7900F2CF62 /* DSNYPickup.app */,
				555AE9C529D3B41700A66411 /* DSNYPickupWidgetExtension.appex */,
			);
			name = Products;
			sourceTree = "<group>";
		};
		5590824125A3CB7900F2CF62 /* DSNYPickup */ = {
			isa = PBXGroup;
			children = (
				0243BD477299C8EDD231E79B /* Store */,
				555AE9DF29D3D77900A66411 /* DSNYPickup.entitlements */,
				5590824225A3CB7900F2CF62 /* DSNYPickupApp.swift */,
				55576EB0298605E20089861A /* GarbageCollection.xcdatamodeld */,
				5590824625A3CB7A00F2CF62 /* Assets.xcassets */,
				5590824B25A3CB7A00F2CF62 /* Info.plist */,
				5590824825A3CB7A00F2CF62 /* Preview Content */,
				55F463BB306DFCE700D30A25 /* App */,
				DB9FE3CB50973D51D6EE81B2 /* Intents */,
				55F463C6306DFD1B00D30A25 /* Location */,
				55F463CB306DFD2800D30A25 /* Components */,
				55F463D0306DFD3000D30A25 /* Screens */,
			);
			path = DSNYPickup;
			sourceTree = "<group>";
		};
		5590824825A3CB7A00F2CF62 /* Preview Content */ = {
			isa = PBXGroup;
			children = (
				5590824925A3CB7A00F2CF62 /* Preview Assets.xcassets */,
			);
			path = "Preview Content";
			sourceTree = "<group>";
		};
		55F463BB306DFCE700D30A25 /* App */ = {
			isa = PBXGroup;
			children = (
				18ECB32EE5B43DB501FC7C2C /* ScreenshotMode.swift */,
				6D209E21CE3B51E7D4EA1B8F /* AppNavigator.swift */,
				55F463BC306DFCE700D30A25 /* AppServices.swift */,
				55F463BE306DFCF500D30A25 /* AddressStore.swift */,
				55F463C0306DFD0100D30A25 /* LegacyCoreDataImporter.swift */,
				55F463C2306DFD1300D30A25 /* RootView.swift */,
				55F463C4306DFD1500D30A25 /* PreviewSupport.swift */,
			);
			path = App;
			sourceTree = "<group>";
		};
		55F463C6306DFD1B00D30A25 /* Location */ = {
			isa = PBXGroup;
			children = (
				55F463C7306DFD1B00D30A25 /* LocationProvider.swift */,
				55F463C9306DFD2100D30A25 /* AddressCompleter.swift */,
			);
			path = Location;
			sourceTree = "<group>";
		};
		55F463CB306DFD2800D30A25 /* Components */ = {
			isa = PBXGroup;
			children = (
				28C1495BA3030E0B221E8425 /* DetailRow.swift */,
				55F463CC306DFD2800D30A25 /* ErrorStateView.swift */,
				55F463CE306DFD3000D30A25 /* NextPickupCard.swift */,
				55F463D7306DFD7700D30A25 /* StreamScheduleRow.swift */,
			);
			path = Components;
			sourceTree = "<group>";
		};
		55F463D0306DFD3000D30A25 /* Screens */ = {
			isa = PBXGroup;
			children = (
				55F463D1306DFD6400D30A25 /* Home */,
				55F463D4306DFD7300D30A25 /* AddAddress */,
				55F463D9306DFD8700D30A25 /* AddressDetail */,
				55F463DE306DFD9F00D30A25 /* GetRidOf */,
				55F463E3306DFDC400D30A25 /* DropOffs */,
				55F463E6306DFE2400D30A25 /* More */,
			);
			path = Screens;
			sourceTree = "<group>";
		};
		55F463D1306DFD6400D30A25 /* Home */ = {
			isa = PBXGroup;
			children = (
				55F463D2306DFD6400D30A25 /* HomeView.swift */,
			);
			path = Home;
			sourceTree = "<group>";
		};
		55F463D4306DFD7300D30A25 /* AddAddress */ = {
			isa = PBXGroup;
			children = (
				55F463D5306DFD7300D30A25 /* AddAddressView.swift */,
			);
			path = AddAddress;
			sourceTree = "<group>";
		};
		55F463D9306DFD8700D30A25 /* AddressDetail */ = {
			isa = PBXGroup;
			children = (
				55F463DA306DFD8700D30A25 /* AddressDetailView.swift */,
				55F463DC306DFD9000D30A25 /* ReminderSettingsSection.swift */,
			);
			path = AddressDetail;
			sourceTree = "<group>";
		};
		55F463DE306DFD9F00D30A25 /* GetRidOf */ = {
			isa = PBXGroup;
			children = (
				55F463DF306DFD9F00D30A25 /* GetRidOfView.swift */,
				55F463E1306DFDA900D30A25 /* DisposalDetailView.swift */,
			);
			path = GetRidOf;
			sourceTree = "<group>";
		};
		55F463E3306DFDC400D30A25 /* DropOffs */ = {
			isa = PBXGroup;
			children = (
				55F463E4306DFDC400D30A25 /* DropOffsView.swift */,
			);
			path = DropOffs;
			sourceTree = "<group>";
		};
		55F463E6306DFE2400D30A25 /* More */ = {
			isa = PBXGroup;
			children = (
				55F463E7306DFE2400D30A25 /* MoreView.swift */,
				55F463E9306DFE2C00D30A25 /* CollectionRulesView.swift */,
			);
			path = More;
			sourceTree = "<group>";
		};
		DB9FE3CB50973D51D6EE81B2 /* Intents */ = {
			isa = PBXGroup;
			children = (
				B4D7E75D8586F7926CFB9DD1 /* SetRemindersIntent.swift */,
				27EDD6A61279160E79740DA2 /* DSNYPickupShortcuts.swift */,
			);
			path = Intents;
			sourceTree = "<group>";
		};
/* End PBXGroup section */

/* Begin PBXNativeTarget section */
		555AE9C429D3B41700A66411 /* DSNYPickupWidgetExtension */ = {
			isa = PBXNativeTarget;
			buildConfigurationList = 555AE9D929D3B41900A66411 /* Build configuration list for PBXNativeTarget "DSNYPickupWidgetExtension" */;
			buildPhases = (
				555AE9C129D3B41700A66411 /* Sources */,
				555AE9C229D3B41700A66411 /* Frameworks */,
				555AE9C329D3B41700A66411 /* Resources */,
			);
			buildRules = (
			);
			dependencies = (
			);
			name = DSNYPickupWidgetExtension;
			packageProductDependencies = (
				55F463B9306DFC4600D30A25 /* DSNYKit */,
			);
			productName = DSNYPickupWidgetExtension;
			productReference = 555AE9C529D3B41700A66411 /* DSNYPickupWidgetExtension.appex */;
			productType = "com.apple.product-type.app-extension";
		};
		5590823E25A3CB7900F2CF62 /* DSNYPickup */ = {
			isa = PBXNativeTarget;
			buildConfigurationList = 5590824E25A3CB7A00F2CF62 /* Build configuration list for PBXNativeTarget "DSNYPickup" */;
			buildPhases = (
				5590823B25A3CB7900F2CF62 /* Sources */,
				5590823C25A3CB7900F2CF62 /* Frameworks */,
				5590823D25A3CB7900F2CF62 /* Resources */,
				555AE9DC29D3B41900A66411 /* Embed Foundation Extensions */,
			);
			buildRules = (
			);
			dependencies = (
				555AE9D729D3B41900A66411 /* PBXTargetDependency */,
			);
			name = DSNYPickup;
			packageProductDependencies = (
				55F463B7306DFC2B00D30A25 /* DSNYKit */,
			);
			productName = DSNYPickup;
			productReference = 5590823F25A3CB7900F2CF62 /* DSNYPickup.app */;
			productType = "com.apple.product-type.application";
		};
/* End PBXNativeTarget section */

/* Begin PBXProject section */
		5590823725A3CB7900F2CF62 /* Project object */ = {
			isa = PBXProject;
			attributes = {
				BuildIndependentTargetsInParallel = YES;
				LastSwiftUpdateCheck = 1430;
				LastUpgradeCheck = 1430;
				TargetAttributes = {
					555AE9C429D3B41700A66411 = {
						CreatedOnToolsVersion = 14.2;
					};
					5590823E25A3CB7900F2CF62 = {
						CreatedOnToolsVersion = 12.3;
					};
				};
			};
			buildConfigurationList = 5590823A25A3CB7900F2CF62 /* Build configuration list for PBXProject "DSNYPickup" */;
			compatibilityVersion = "Xcode 9.3";
			developmentRegion = en;
			hasScannedForEncodings = 0;
			knownRegions = (
				en,
				Base,
			);
			mainGroup = 5590823625A3CB7900F2CF62;
			packageReferences = (
				55F463B6306DFC2B00D30A25 /* XCLocalSwiftPackageReference "Packages/DSNYKit" */,
			);
			productRefGroup = 5590824025A3CB7900F2CF62 /* Products */;
			projectDirPath = "";
			projectRoot = "";
			targets = (
				5590823E25A3CB7900F2CF62 /* DSNYPickup */,
				555AE9C429D3B41700A66411 /* DSNYPickupWidgetExtension */,
			);
		};
/* End PBXProject section */

/* Begin PBXResourcesBuildPhase section */
		555AE9C329D3B41700A66411 /* Resources */ = {
			isa = PBXResourcesBuildPhase;
			buildActionMask = 2147483647;
			files = (
				555AE9D229D3B41900A66411 /* Assets.xcassets in Resources */,
			);
			runOnlyForDeploymentPostprocessing = 0;
		};
		5590823D25A3CB7900F2CF62 /* Resources */ = {
			isa = PBXResourcesBuildPhase;
			buildActionMask = 2147483647;
			files = (
				5590824A25A3CB7A00F2CF62 /* Preview Assets.xcassets in Resources */,
				5590824725A3CB7A00F2CF62 /* Assets.xcassets in Resources */,
			);
			runOnlyForDeploymentPostprocessing = 0;
		};
/* End PBXResourcesBuildPhase section */

/* Begin PBXSourcesBuildPhase section */
		555AE9C129D3B41700A66411 /* Sources */ = {
			isa = PBXSourcesBuildPhase;
			buildActionMask = 2147483647;
			files = (
				068BDD85DAB4D6367E0B0F83 /* NextPickupControl.swift in Sources */,
				E2E48865591BEDFC1DA25E61 /* CountdownWidget.swift in Sources */,
				35D42E2A8C988D9CACA66D92 /* AllAddressesWidget.swift in Sources */,
				600BB469313555684D7D947C /* WeekWidget.swift in Sources */,
				EDEA3D6793BEC71A5BFEDE31 /* WidgetComponents.swift in Sources */,
				21BAE7D20815C587772D040B /* PickupProvider.swift in Sources */,
				555AE9CD29D3B41700A66411 /* DSNYPickupWidgetBundle.swift in Sources */,
				555AE9CF29D3B41700A66411 /* NextPickupWidget.swift in Sources */,
				555AE9E329D3DB7700A66411 /* GarbageCollection.xcdatamodeld in Sources */,
			);
			runOnlyForDeploymentPostprocessing = 0;
		};
		5590823B25A3CB7900F2CF62 /* Sources */ = {
			isa = PBXSourcesBuildPhase;
			buildActionMask = 2147483647;
			files = (
				22FD8CB09F5988316252875E /* ScreenshotMode.swift in Sources */,
				C7AA75354B05F0FF43E8CDD4 /* DetailRow.swift in Sources */,
				313278594DC3F873094AC777 /* ProPaywallView.swift in Sources */,
				2BE9C185DC299CBDE4A0DA8C /* PurchaseManager.swift in Sources */,
				0D9149A0B0653BBB86D4AE1E /* SetRemindersIntent.swift in Sources */,
				361D8313BF516213CB908515 /* DSNYPickupShortcuts.swift in Sources */,
				14B0D9F3285ECCBE62DCEA25 /* AppNavigator.swift in Sources */,
				55F463BF306DFCF500D30A25 /* AddressStore.swift in Sources */,
				55F463BD306DFCE700D30A25 /* AppServices.swift in Sources */,
				55F463CF306DFD3000D30A25 /* NextPickupCard.swift in Sources */,
				55F463D8306DFD7700D30A25 /* StreamScheduleRow.swift in Sources */,
				55F463DD306DFD9000D30A25 /* ReminderSettingsSection.swift in Sources */,
				55F463D6306DFD7300D30A25 /* AddAddressView.swift in Sources */,
				55F463C3306DFD1300D30A25 /* RootView.swift in Sources */,
				55F463CA306DFD2100D30A25 /* AddressCompleter.swift in Sources */,
				55F463E5306DFDC400D30A25 /* DropOffsView.swift in Sources */,
				55F463C5306DFD1500D30A25 /* PreviewSupport.swift in Sources */,
				55576EB2298605E20089861A /* GarbageCollection.xcdatamodeld in Sources */,
				55F463C8306DFD1B00D30A25 /* LocationProvider.swift in Sources */,
				5590824325A3CB7900F2CF62 /* DSNYPickupApp.swift in Sources */,
				55F463DB306DFD8700D30A25 /* AddressDetailView.swift in Sources */,
				55F463D3306DFD6400D30A25 /* HomeView.swift in Sources */,
				55F463E2306DFDA900D30A25 /* DisposalDetailView.swift in Sources */,
				55F463E0306DFD9F00D30A25 /* GetRidOfView.swift in Sources */,
				55F463C1306DFD0100D30A25 /* LegacyCoreDataImporter.swift in Sources */,
				55F463CD306DFD2800D30A25 /* ErrorStateView.swift in Sources */,
				55F463EA306DFE2C00D30A25 /* CollectionRulesView.swift in Sources */,
				55F463E8306DFE2400D30A25 /* MoreView.swift in Sources */,
			);
			runOnlyForDeploymentPostprocessing = 0;
		};
/* End PBXSourcesBuildPhase section */

/* Begin PBXTargetDependency section */
		555AE9D729D3B41900A66411 /* PBXTargetDependency */ = {
			isa = PBXTargetDependency;
			target = 555AE9C429D3B41700A66411 /* DSNYPickupWidgetExtension */;
			targetProxy = 555AE9D629D3B41900A66411 /* PBXContainerItemProxy */;
		};
/* End PBXTargetDependency section */

/* Begin XCBuildConfiguration section */
		555AE9DA29D3B41900A66411 /* Debug */ = {
	buildSettings = {
		"ASSETCATALOG_COMPILER_GLOBAL_ACCENT_COLOR_NAME" = AccentColor;
		"ASSETCATALOG_COMPILER_WIDGET_BACKGROUND_COLOR_NAME" = WidgetBackground;
		"CLANG_CXX_LANGUAGE_STANDARD" = "gnu++20";
		"CODE_SIGN_ENTITLEMENTS" = "DSNYPickupWidgetExtension.entitlements";
		"CODE_SIGN_STYLE" = Automatic;
		"CURRENT_PROJECT_VERSION" = 6;
		"DEVELOPMENT_TEAM" = 6JBM5ZNF6C;
		"GENERATE_INFOPLIST_FILE" = YES;
		"INFOPLIST_FILE" = "DSNYPickupWidget/Info.plist";
		"INFOPLIST_KEY_CFBundleDisplayName" = "DSNY Pickup";
		"INFOPLIST_KEY_NSHumanReadableCopyright" = "";
		"IPHONEOS_DEPLOYMENT_TARGET" = "26.0";
		"LD_RUNPATH_SEARCH_PATHS" = (
			"$(inherited)",
			"@executable_path/Frameworks",
			"@executable_path/../../Frameworks",
		);
		"MARKETING_VERSION" = "2.0";
		"PRODUCT_BUNDLE_IDENTIFIER" = "com.Swifttom.DSNYPickup.DSNYPickupWidget";
		"PRODUCT_NAME" = "$(TARGET_NAME)";
		"SKIP_INSTALL" = YES;
		"SWIFT_EMIT_LOC_STRINGS" = YES;
		"SWIFT_VERSION" = "6.0";
		"TARGETED_DEVICE_FAMILY" = "1,2";
	};
	isa = XCBuildConfiguration;
	name = Debug;
};
		555AE9DB29D3B41900A66411 /* Release */ = {
	buildSettings = {
		"ASSETCATALOG_COMPILER_GLOBAL_ACCENT_COLOR_NAME" = AccentColor;
		"ASSETCATALOG_COMPILER_WIDGET_BACKGROUND_COLOR_NAME" = WidgetBackground;
		"CLANG_CXX_LANGUAGE_STANDARD" = "gnu++20";
		"CODE_SIGN_ENTITLEMENTS" = "DSNYPickupWidgetExtension.entitlements";
		"CODE_SIGN_STYLE" = Automatic;
		"CURRENT_PROJECT_VERSION" = 6;
		"DEVELOPMENT_TEAM" = 6JBM5ZNF6C;
		"GENERATE_INFOPLIST_FILE" = YES;
		"INFOPLIST_FILE" = "DSNYPickupWidget/Info.plist";
		"INFOPLIST_KEY_CFBundleDisplayName" = "DSNY Pickup";
		"INFOPLIST_KEY_NSHumanReadableCopyright" = "";
		"IPHONEOS_DEPLOYMENT_TARGET" = "26.0";
		"LD_RUNPATH_SEARCH_PATHS" = (
			"$(inherited)",
			"@executable_path/Frameworks",
			"@executable_path/../../Frameworks",
		);
		"MARKETING_VERSION" = "2.0";
		"PRODUCT_BUNDLE_IDENTIFIER" = "com.Swifttom.DSNYPickup.DSNYPickupWidget";
		"PRODUCT_NAME" = "$(TARGET_NAME)";
		"SKIP_INSTALL" = YES;
		"SWIFT_EMIT_LOC_STRINGS" = YES;
		"SWIFT_VERSION" = "6.0";
		"TARGETED_DEVICE_FAMILY" = "1,2";
	};
	isa = XCBuildConfiguration;
	name = Release;
};
		5590824C25A3CB7A00F2CF62 /* Debug */ = {
			isa = XCBuildConfiguration;
			buildSettings = {
				ALWAYS_SEARCH_USER_PATHS = NO;
				CLANG_ANALYZER_NONNULL = YES;
				CLANG_ANALYZER_NUMBER_OBJECT_CONVERSION = YES_AGGRESSIVE;
				CLANG_CXX_LANGUAGE_STANDARD = "gnu++14";
				CLANG_CXX_LIBRARY = "libc++";
				CLANG_ENABLE_MODULES = YES;
				CLANG_ENABLE_OBJC_ARC = YES;
				CLANG_ENABLE_OBJC_WEAK = YES;
				CLANG_WARN_BLOCK_CAPTURE_AUTORELEASING = YES;
				CLANG_WARN_BOOL_CONVERSION = YES;
				CLANG_WARN_COMMA = YES;
				CLANG_WARN_CONSTANT_CONVERSION = YES;
				CLANG_WARN_DEPRECATED_OBJC_IMPLEMENTATIONS = YES;
				CLANG_WARN_DIRECT_OBJC_ISA_USAGE = YES_ERROR;
				CLANG_WARN_DOCUMENTATION_COMMENTS = YES;
				CLANG_WARN_EMPTY_BODY = YES;
				CLANG_WARN_ENUM_CONVERSION = YES;
				CLANG_WARN_INFINITE_RECURSION = YES;
				CLANG_WARN_INT_CONVERSION = YES;
				CLANG_WARN_NON_LITERAL_NULL_CONVERSION = YES;
				CLANG_WARN_OBJC_IMPLICIT_RETAIN_SELF = YES;
				CLANG_WARN_OBJC_LITERAL_CONVERSION = YES;
				CLANG_WARN_OBJC_ROOT_CLASS = YES_ERROR;
				CLANG_WARN_QUOTED_INCLUDE_IN_FRAMEWORK_HEADER = YES;
				CLANG_WARN_RANGE_LOOP_ANALYSIS = YES;
				CLANG_WARN_STRICT_PROTOTYPES = YES;
				CLANG_WARN_SUSPICIOUS_MOVE = YES;
				CLANG_WARN_UNGUARDED_AVAILABILITY = YES_AGGRESSIVE;
				CLANG_WARN_UNREACHABLE_CODE = YES;
				CLANG_WARN__DUPLICATE_METHOD_MATCH = YES;
				COPY_PHASE_STRIP = NO;
				DEBUG_INFORMATION_FORMAT = dwarf;
				ENABLE_STRICT_OBJC_MSGSEND = YES;
				ENABLE_TESTABILITY = YES;
				GCC_C_LANGUAGE_STANDARD = gnu11;
				GCC_DYNAMIC_NO_PIC = NO;
				GCC_NO_COMMON_BLOCKS = YES;
				GCC_OPTIMIZATION_LEVEL = 0;
				GCC_PREPROCESSOR_DEFINITIONS = (
					"DEBUG=1",
					"$(inherited)",
				);
				GCC_WARN_64_TO_32_BIT_CONVERSION = YES;
				GCC_WARN_ABOUT_RETURN_TYPE = YES_ERROR;
				GCC_WARN_UNDECLARED_SELECTOR = YES;
				GCC_WARN_UNINITIALIZED_AUTOS = YES_AGGRESSIVE;
				GCC_WARN_UNUSED_FUNCTION = YES;
				GCC_WARN_UNUSED_VARIABLE = YES;
				IPHONEOS_DEPLOYMENT_TARGET = 14.3;
				MTL_ENABLE_DEBUG_INFO = INCLUDE_SOURCE;
				MTL_FAST_MATH = YES;
				ONLY_ACTIVE_ARCH = YES;
				SDKROOT = iphoneos;
				SWIFT_ACTIVE_COMPILATION_CONDITIONS = DEBUG;
				SWIFT_OPTIMIZATION_LEVEL = "-Onone";
			};
			name = Debug;
		};
		5590824D25A3CB7A00F2CF62 /* Release */ = {
			isa = XCBuildConfiguration;
			buildSettings = {
				ALWAYS_SEARCH_USER_PATHS = NO;
				CLANG_ANALYZER_NONNULL = YES;
				CLANG_ANALYZER_NUMBER_OBJECT_CONVERSION = YES_AGGRESSIVE;
				CLANG_CXX_LANGUAGE_STANDARD = "gnu++14";
				CLANG_CXX_LIBRARY = "libc++";
				CLANG_ENABLE_MODULES = YES;
				CLANG_ENABLE_OBJC_ARC = YES;
				CLANG_ENABLE_OBJC_WEAK = YES;
				CLANG_WARN_BLOCK_CAPTURE_AUTORELEASING = YES;
				CLANG_WARN_BOOL_CONVERSION = YES;
				CLANG_WARN_COMMA = YES;
				CLANG_WARN_CONSTANT_CONVERSION = YES;
				CLANG_WARN_DEPRECATED_OBJC_IMPLEMENTATIONS = YES;
				CLANG_WARN_DIRECT_OBJC_ISA_USAGE = YES_ERROR;
				CLANG_WARN_DOCUMENTATION_COMMENTS = YES;
				CLANG_WARN_EMPTY_BODY = YES;
				CLANG_WARN_ENUM_CONVERSION = YES;
				CLANG_WARN_INFINITE_RECURSION = YES;
				CLANG_WARN_INT_CONVERSION = YES;
				CLANG_WARN_NON_LITERAL_NULL_CONVERSION = YES;
				CLANG_WARN_OBJC_IMPLICIT_RETAIN_SELF = YES;
				CLANG_WARN_OBJC_LITERAL_CONVERSION = YES;
				CLANG_WARN_OBJC_ROOT_CLASS = YES_ERROR;
				CLANG_WARN_QUOTED_INCLUDE_IN_FRAMEWORK_HEADER = YES;
				CLANG_WARN_RANGE_LOOP_ANALYSIS = YES;
				CLANG_WARN_STRICT_PROTOTYPES = YES;
				CLANG_WARN_SUSPICIOUS_MOVE = YES;
				CLANG_WARN_UNGUARDED_AVAILABILITY = YES_AGGRESSIVE;
				CLANG_WARN_UNREACHABLE_CODE = YES;
				CLANG_WARN__DUPLICATE_METHOD_MATCH = YES;
				COPY_PHASE_STRIP = NO;
				DEBUG_INFORMATION_FORMAT = "dwarf-with-dsym";
				ENABLE_NS_ASSERTIONS = NO;
				ENABLE_STRICT_OBJC_MSGSEND = YES;
				GCC_C_LANGUAGE_STANDARD = gnu11;
				GCC_NO_COMMON_BLOCKS = YES;
				GCC_WARN_64_TO_32_BIT_CONVERSION = YES;
				GCC_WARN_ABOUT_RETURN_TYPE = YES_ERROR;
				GCC_WARN_UNDECLARED_SELECTOR = YES;
				GCC_WARN_UNINITIALIZED_AUTOS = YES_AGGRESSIVE;
				GCC_WARN_UNUSED_FUNCTION = YES;
				GCC_WARN_UNUSED_VARIABLE = YES;
				IPHONEOS_DEPLOYMENT_TARGET = 14.3;
				MTL_ENABLE_DEBUG_INFO = NO;
				MTL_FAST_MATH = YES;
				SDKROOT = iphoneos;
				SWIFT_COMPILATION_MODE = wholemodule;
				SWIFT_OPTIMIZATION_LEVEL = "-O";
				VALIDATE_PRODUCT = YES;
			};
			name = Release;
		};
		5590824F25A3CB7A00F2CF62 /* Debug */ = {
	baseConfigurationReference = 3908F4DDDEB02CAD6E11FFC3;
	buildSettings = {
		"ASSETCATALOG_COMPILER_APPICON_NAME" = AppIcon;
		"ASSETCATALOG_COMPILER_GLOBAL_ACCENT_COLOR_NAME" = AccentColor;
		"CODE_SIGN_ENTITLEMENTS" = "DSNYPickup/DSNYPickup.entitlements";
		"CODE_SIGN_STYLE" = Automatic;
		"CURRENT_PROJECT_VERSION" = 6;
		"DEVELOPMENT_ASSET_PATHS" = "\"DSNYPickup/Preview Content\"";
		"DEVELOPMENT_TEAM" = 6JBM5ZNF6C;
		"ENABLE_PREVIEWS" = YES;
		"INFOPLIST_FILE" = "DSNYPickup/Info.plist";
		"IPHONEOS_DEPLOYMENT_TARGET" = "26.0";
		"LD_RUNPATH_SEARCH_PATHS" = (
			"$(inherited)",
			"@executable_path/Frameworks",
		);
		"MARKETING_VERSION" = "2.0";
		"PRODUCT_BUNDLE_IDENTIFIER" = "com.Swifttom.DSNYPickup";
		"PRODUCT_NAME" = "$(TARGET_NAME)";
		"SWIFT_VERSION" = "6.0";
		"TARGETED_DEVICE_FAMILY" = "1,2";
	};
	isa = XCBuildConfiguration;
	name = Debug;
};
		5590825025A3CB7A00F2CF62 /* Release */ = {
	baseConfigurationReference = 3908F4DDDEB02CAD6E11FFC3;
	buildSettings = {
		"ASSETCATALOG_COMPILER_APPICON_NAME" = AppIcon;
		"ASSETCATALOG_COMPILER_GLOBAL_ACCENT_COLOR_NAME" = AccentColor;
		"CODE_SIGN_ENTITLEMENTS" = "DSNYPickup/DSNYPickup.entitlements";
		"CODE_SIGN_STYLE" = Automatic;
		"CURRENT_PROJECT_VERSION" = 6;
		"DEVELOPMENT_ASSET_PATHS" = "\"DSNYPickup/Preview Content\"";
		"DEVELOPMENT_TEAM" = 6JBM5ZNF6C;
		"ENABLE_PREVIEWS" = YES;
		"INFOPLIST_FILE" = "DSNYPickup/Info.plist";
		"IPHONEOS_DEPLOYMENT_TARGET" = "26.0";
		"LD_RUNPATH_SEARCH_PATHS" = (
			"$(inherited)",
			"@executable_path/Frameworks",
		);
		"MARKETING_VERSION" = "2.0";
		"PRODUCT_BUNDLE_IDENTIFIER" = "com.Swifttom.DSNYPickup";
		"PRODUCT_NAME" = "$(TARGET_NAME)";
		"SWIFT_VERSION" = "6.0";
		"TARGETED_DEVICE_FAMILY" = "1,2";
	};
	isa = XCBuildConfiguration;
	name = Release;
};
/* End XCBuildConfiguration section */

/* Begin XCConfigurationList section */
		555AE9D929D3B41900A66411 /* Build configuration list for PBXNativeTarget "DSNYPickupWidgetExtension" */ = {
			isa = XCConfigurationList;
			buildConfigurations = (
				555AE9DA29D3B41900A66411 /* Debug */,
				555AE9DB29D3B41900A66411 /* Release */,
			);
			defaultConfigurationIsVisible = 0;
			defaultConfigurationName = Release;
		};
		5590823A25A3CB7900F2CF62 /* Build configuration list for PBXProject "DSNYPickup" */ = {
			isa = XCConfigurationList;
			buildConfigurations = (
				5590824C25A3CB7A00F2CF62 /* Debug */,
				5590824D25A3CB7A00F2CF62 /* Release */,
			);
			defaultConfigurationIsVisible = 0;
			defaultConfigurationName = Release;
		};
		5590824E25A3CB7A00F2CF62 /* Build configuration list for PBXNativeTarget "DSNYPickup" */ = {
			isa = XCConfigurationList;
			buildConfigurations = (
				5590824F25A3CB7A00F2CF62 /* Debug */,
				5590825025A3CB7A00F2CF62 /* Release */,
			);
			defaultConfigurationIsVisible = 0;
			defaultConfigurationName = Release;
		};
/* End XCConfigurationList section */

/* Begin XCLocalSwiftPackageReference section */
		55F463B6306DFC2B00D30A25 /* XCLocalSwiftPackageReference "Packages/DSNYKit" */ = {
			isa = XCLocalSwiftPackageReference;
			relativePath = Packages/DSNYKit;
		};
/* End XCLocalSwiftPackageReference section */

/* Begin XCSwiftPackageProductDependency section */
		55F463B7306DFC2B00D30A25 /* DSNYKit */ = {
			isa = XCSwiftPackageProductDependency;
			productName = DSNYKit;
		};
		55F463B9306DFC4600D30A25 /* DSNYKit */ = {
			isa = XCSwiftPackageProductDependency;
			package = 55F463B6306DFC2B00D30A25 /* XCLocalSwiftPackageReference "Packages/DSNYKit" */;
			productName = DSNYKit;
		};
/* End XCSwiftPackageProductDependency section */

/* Begin XCVersionGroup section */
		55576EB0298605E20089861A /* GarbageCollection.xcdatamodeld */ = {
			isa = XCVersionGroup;
			children = (
				55576EB1298605E20089861A /* Garbage.xcdatamodel */,
			);
			currentVersion = 55576EB1298605E20089861A /* Garbage.xcdatamodel */;
			path = GarbageCollection.xcdatamodeld;
			sourceTree = "<group>";
			versionGroupType = wrapper.xcdatamodel;
		};
/* End XCVersionGroup section */
	};
	rootObject = 5590823725A3CB7900F2CF62 /* Project object */;
}
